{
  "version": 2,
  "dependencies": {
    "net10.0": {
      "FSharp.Core": {
        "type": "Direct",
        "requested": "[10.1.201, )",
        "resolved": "10.1.201",
        "contentHash": "s5w9LWYurZ9yZdIppoIaYLkRadyT5s3u0wbQCb0J4bQd3ubIlIWQ3Nd5+ll1y3pv5OnTS373dP8T1S/BP46QXg=="
      },
      "morphir.ir.pipeline": {
        "type": "Project",
        "dependencies": {
          "FSharp.Core": "[10.1.201, )"
        }
      },
      "morphir.models": {
        "type": "Project",
        "dependencies": {
          "FSharp.Core": "[10.1.201, )",
          "FSharp.SystemTextJson": "[1.4.36, )"
        }
      },
      "FSharp.SystemTextJson": {
        "type": "CentralTransitive",
        "requested": "[1.4.36, )",
        "resolved": "1.4.36",
        "contentHash": "1xLk0SBF1nedD74B77rcArjD2d+DeZwbNI7BVCAyKwIBERo1VoX8Mf4AtX0OV2L3ZeM/XS1b6BuhXCyoh0KBnw==",
        "dependencies": {
          "FSharp.Core": "4.7.0"
        }
      }
    }
  }
}