{
  "version": 2,
  "dependencies": {
    "net10.0": {
      "FSharp.Core": {
        "type": "Direct",
        "requested": "[11.0.100, )",
        "resolved": "11.0.100",
        "contentHash": "ijfOz8ihqkFNdKUY57l8YTrbJNfQW/6tFYAUU57ByZzmTxxf1o12cQaCqDOjNqAz4h86AKS7IwQkNhYcrjLeCQ=="
      },
      "morphir.ir.pipeline": {
        "type": "Project",
        "dependencies": {
          "FSharp.Core": "[11.0.100, )"
        }
      },
      "morphir.models": {
        "type": "Project",
        "dependencies": {
          "FSharp.Core": "[11.0.100, )",
          "FSharp.SystemTextJson": "[1.4.36, )"
        }
      },
      "FSharp.SystemTextJson": {
        "type": "CentralTransitive",
        "requested": "[1.4.36, )",
        "resolved": "1.4.36",
        "contentHash": "1xLk0SBF1nedD74B77rcArjD2d+DeZwbNI7BVCAyKwIBERo1VoX8Mf4AtX0OV2L3ZeM/XS1b6BuhXCyoh0KBnw==",
        "dependencies": {
          "FSharp.Core": "4.7.0"
        }
      }
    }
  }
}