{
  "version": 2,
  "dependencies": {
    "net10.0": {
      "FSharp.Core": {
        "type": "Direct",
        "requested": "[10.0.101, )",
        "resolved": "10.0.101",
        "contentHash": "2ctJyvMtrvCou55O62n55f4faZSz8a8WksKoBBobBWgS3TyZQSRjQ9dhA0J+BxcmoDfHtGEzxx0DnfZGt5xUAg=="
      },
      "Fun.Blazor": {
        "type": "Direct",
        "requested": "[4.1.9, )",
        "resolved": "4.1.9",
        "contentHash": "UZlCc1qtRaYZBW5OnZvdXbto8L6KIBcz5UdtGOY/rGsel/8KJL1FfZygZCiUOI8wbDb1xKS5Yued6CmaL5TjDg==",
        "dependencies": {
          "FSharp.Core": "6.0.0",
          "FSharp.Data.Adaptive": "1.2.15",
          "Fun.Css": "1.0.2",
          "Fun.Result": "2.1.0"
        }
      },
      "Fun.Blazor.MudBlazor": {
        "type": "Direct",
        "requested": "[4.1.9, )",
        "resolved": "6.11.0",
        "contentHash": "Nisv2GYbT5rbaniz/vjee9Y1aa824AJHBzpUupaxNo8AtMHqPqvP+XimCcEfdyoR1yinjBQRBeluRrvNSUrxgg==",
        "dependencies": {
          "FSharp.Core": "8.0.100",
          "Fun.Blazor": "3.1.0",
          "MudBlazor": "6.11.0"
        }
      },
      "MudBlazor": {
        "type": "Direct",
        "requested": "[8.0.0, )",
        "resolved": "8.0.0",
        "contentHash": "itY10dugofdvLYnJ1VZSzUIiKVqNvnTz4eEMYlHUdrOfsk9xShj7k1EW5H6ssMmkbQzShlLBHlUt+VPFGoEJGw=="
      },
      "FSharp.Data.Adaptive": {
        "type": "Transitive",
        "resolved": "1.2.15",
        "contentHash": "VfH2pi49631jjOlH/lM8vdc95BR159Z8WBLuBOeOsCzCpOVAEigbgfJkZ0I3mq9w1FCraOA/L+DkaQnjhAAgNA==",
        "dependencies": {
          "FSharp.Core": "4.7.0"
        }
      },
      "Fun.Css": {
        "type": "Transitive",
        "resolved": "1.0.2",
        "contentHash": "TLSGR3YEHsg8V8ge8iQb1JbfFbeLPA+oDpJ485oJgnp0BoXeUkf6kR77Zu/or+1hwmIHFhqsztvfJV0ABsmqow==",
        "dependencies": {
          "FSharp.Core": "6.0.0"
        }
      },
      "Fun.Result": {
        "type": "Transitive",
        "resolved": "2.1.0",
        "contentHash": "FHa3lCREXPrsYafuwVVjI4WbVjovguqwhMjfQlnKAUQEKkSi5ebyJC9VGKcvphGqD4Pjw0WWgxVK+IWtfdYNcw==",
        "dependencies": {
          "FSharp.Core": "6.0.0"
        }
      }
    }
  }
}