{
  "version": 2,
  "dependencies": {
    "net7.0": {
      "Argu": {
        "type": "Direct",
        "requested": "[6.0.0, )",
        "resolved": "6.0.0",
        "contentHash": "iqF1uE+37uOsH+G4Q4yIQLJ57BgIBQ6ItOIprWynYBVZYJWCduEfdxKKGOYv2MtgHLCLLoeVGjrxwbk5o9WdNw==",
        "dependencies": {
          "FSharp.Core": "4.3.2",
          "System.Configuration.ConfigurationManager": "4.4.0"
        }
      },
      "Dotnet.ProjInfo.Workspace.FCS": {
        "type": "Direct",
        "requested": "[0.39.0, )",
        "resolved": "0.39.0",
        "contentHash": "QiOFg71+sapTI3bH776/L9eAlqpecYxThoBauc539ZGitHVVDP3E4SLYQFVCxkEUYIg0x1xDn/qUXBzOwXE4vg==",
        "dependencies": {
          "Dotnet.ProjInfo.Workspace": "0.39.0",
          "FSharp.Compiler.Service": "34.1.0",
          "FSharp.Core": "4.6.2",
          "Microsoft.NETFramework.ReferenceAssemblies": "1.0.0"
        }
      },
      "Fable.React": {
        "type": "Direct",
        "requested": "[6.2.0, )",
        "resolved": "6.2.0",
        "contentHash": "0csszZuFWkr5JLj4UQT4DWqYehOkrs9N2i+xCu/BwoM1dMurHiROhk4GAYLAkPF/HKvtuvBFvsBpLtVO6L5Eag==",
        "dependencies": {
          "FSharp.Core": "4.7.0",
          "Fable.Browser.Dom": "1.0.0",
          "Fable.Core": "3.1.5"
        }
      },
      "Fake.DotNet.Cli": {
        "type": "Direct",
        "requested": "[6.0.0, )",
        "resolved": "6.0.0",
        "contentHash": "t3P+JjczFsOncE9bpgTWxRuxTvkcHFXPuMmbWzIj+DGylopiGNAI2XT4IT+Of05zZKlOd99hgpsSMWVclr+uGQ==",
        "dependencies": {
          "FSharp.Core": "6.0.3",
          "Fake.Core.Environment": "6.0.0",
          "Fake.Core.Process": "6.0.0",
          "Fake.Core.String": "6.0.0",
          "Fake.Core.Trace": "6.0.0",
          "Fake.DotNet.MSBuild": "6.0.0",
          "Fake.DotNet.NuGet": "6.0.0",
          "Fake.IO.FileSystem": "6.0.0",
          "Mono.Posix.NETStandard": "1.0.0",
          "Newtonsoft.Json": "13.0.1"
        }
      },
      "Fake.IO.FileSystem": {
        "type": "Direct",
        "requested": "[6.0.0, )",
        "resolved": "6.0.0",
        "contentHash": "NYAl2zgaBNjWjcbgqohbBUd7hnwjEUFn/PHujthbeQwD3IWGcOxyauB09wr5RUMIUaRtcIofEkbknrDWXLCyYg==",
        "dependencies": {
          "FSharp.Core": "6.0.3",
          "Fake.Core.String": "6.0.0",
          "Fake.Core.Trace": "6.0.0"
        }
      },
      "FSharp.Formatting": {
        "type": "Direct",
        "requested": "[4.0.0-rc1, )",
        "resolved": "4.0.0-rc1",
        "contentHash": "p6lzcenTJVEHFRuyEFwWk1W8G5JxSbLZ4XVMd5549i5zTzPg2XViJDnLj4/PuPTk5BFGKGeEyHwpemwkPWRAZg==",
        "dependencies": {
          "FSharp.Compiler.Service": "34.1.0"
        }
      },
      "FSharp.Literate": {
        "type": "Direct",
        "requested": "[4.0.0-rc1, )",
        "resolved": "4.0.0-rc1",
        "contentHash": "tBWwUDKjuTV28RHxCT3pjrMYfhx9dwVzCn4j8iJKsdKDbasDqOUyCFPT/Nm0KcuukERiDTYoFE8RBd5tkYE1cA==",
        "dependencies": {
          "FSharp.Compiler.Service": "34.1.0",
          "FSharp.Core": "4.7.0"
        }
      },
      "MSBuild.StructuredLogger": {
        "type": "Direct",
        "requested": "[2.1.768, )",
        "resolved": "2.1.768",
        "contentHash": "Wx3mLxrqWsE4TDXF/WQCbhpsdaAjzh+MNK5Xvlv+VyMlcfl+pd1EMXkjDA4c5eoL8aV69enCeh80ww+eBbTI3A==",
        "dependencies": {
          "Microsoft.Build.Framework": "16.10.0",
          "Microsoft.Build.Utilities.Core": "16.10.0"
        }
      },
      "BlackFox.VsWhere": {
        "type": "Transitive",
        "resolved": "1.1.0",
        "contentHash": "rqIFENkurSkGU0ecXG21Ez96pXDwIXUoE9f4DhEDRE4T3iYVIKMHPaQ0XUQH4Rgf9bqUHUW1TO87UR7xEndqNQ==",
        "dependencies": {
          "FSharp.Core": "4.2.3",
          "Microsoft.Win32.Registry": "4.7.0"
        }
      },
      "Dotnet.ProjInfo": {
        "type": "Transitive",
        "resolved": "0.39.0",
        "contentHash": "G9JYIO9+XuPX7aTXv0yYOIXSNk/uKzJdoNpa1in/TLyx944B9X05KfRBEIQKc8qgWj8IIJeYkxQmybU5QlGAvw==",
        "dependencies": {
          "FSharp.Core": "4.6.2",
          "Microsoft.NETFramework.ReferenceAssemblies": "1.0.0",
          "System.ValueTuple": "4.4.0"
        }
      },
      "Dotnet.ProjInfo.Workspace": {
        "type": "Transitive",
        "resolved": "0.39.0",
        "contentHash": "TdPADna5BY8QzDpSjT1HRP5gJ2HsHLGC3nbmCqm6T9SZLHQTgnAqMcemPCD3Bz8dlpHeCuEn0BnIMnFbUa12YQ==",
        "dependencies": {
          "Dotnet.ProjInfo": "0.39.0",
          "FSharp.Core": "4.6.2",
          "Microsoft.NETFramework.ReferenceAssemblies": "1.0.0",
          "Sln": "0.3.0"
        }
      },
      "Fable.Browser.Blob": {
        "type": "Transitive",
        "resolved": "1.0.0",
        "contentHash": "JqKAGjypePBNJrw/OAY5y00jo5v9bMXmwPKEju91otyUb7GKpCpBiW2YXVcbXK8GzaPFgyaKrMyH5KPJSN3pZg==",
        "dependencies": {
          "FSharp.Core": "4.5.2",
          "Fable.Core": "3.0.0"
        }
      },
      "Fable.Browser.Dom": {
        "type": "Transitive",
        "resolved": "1.0.0",
        "contentHash": "ZodpIKYuKnUnqN71Fi103mh0joFYrRPGwpYOrpbZ149PkVAW7DNKXgxad5lsi9df7vAe5+sBhhO71TPREZaWlw==",
        "dependencies": {
          "FSharp.Core": "4.5.2",
          "Fable.Browser.Blob": "1.0.0",
          "Fable.Browser.Event": "1.0.0",
          "Fable.Browser.WebStorage": "1.0.0",
          "Fable.Core": "3.0.0"
        }
      },
      "Fable.Browser.Event": {
        "type": "Transitive",
        "resolved": "1.0.0",
        "contentHash": "T1bGrlRJ4A2fxOfAVPzJpxanR6lkzPgJroPdSN1IU5CLdKtvRakWmYq6QKqu4dz6ZV9Z3fIPTWLZkoGKEOEo3w==",
        "dependencies": {
          "FSharp.Core": "4.5.2",
          "Fable.Core": "3.0.0"
        }
      },
      "Fable.Browser.WebStorage": {
        "type": "Transitive",
        "resolved": "1.0.0",
        "contentHash": "ZqnZKYkhPO+wmJPxQqtiwSc3zCC/mB37SPlVi4ZLiHoPFnra7SQ3qaRn4/ENYTeaVtVq92eVaYbTyAOnFn+GPA==",
        "dependencies": {
          "FSharp.Core": "4.5.2",
          "Fable.Browser.Event": "1.0.0",
          "Fable.Core": "3.0.0"
        }
      },
      "Fable.Core": {
        "type": "Transitive",
        "resolved": "3.1.5",
        "contentHash": "Mft+v0YlEr+EL6WH7iyP8H4eGPZmgnU793RNNn5Bw5wJT+DsZii+dPlJW9ubX0lDgYQTBfnyuVUJj0+5XZdiqg==",
        "dependencies": {
          "FSharp.Core": "4.7.0"
        }
      },
      "Fake.Core.Context": {
        "type": "Transitive",
        "resolved": "6.0.0",
        "contentHash": "3KXiyowTESIDm8JCwDyh7GZeLHPROI1vFNmBwd6ymee8cKONf8oftpjZRJXEXfBHuMRyQMnEdvKnRF8OQACuEQ==",
        "dependencies": {
          "FSharp.Core": "6.0.3"
        }
      },
      "Fake.Core.FakeVar": {
        "type": "Transitive",
        "resolved": "6.0.0",
        "contentHash": "/TLaCwN5++K2En+T7T9q0VZfoHeSue+fUNvUHeA/J0qhuBhY/8WJQs4wkO9fPbHjxVnP1e2nOaDiHBy7NfQOSg==",
        "dependencies": {
          "FSharp.Core": "6.0.3",
          "Fake.Core.Context": "6.0.0"
        }
      },
      "Fake.Core.SemVer": {
        "type": "Transitive",
        "resolved": "6.0.0",
        "contentHash": "G/z284JTpNcNwvnozM54wRHUdM4rBHaokba5r7d96qvGbAXh4RTFBqxPb9aEG4RsZL+nbGguDJHOkQeLDopBJw==",
        "dependencies": {
          "FSharp.Core": "6.0.3"
        }
      },
      "Fake.Core.String": {
        "type": "Transitive",
        "resolved": "6.0.0",
        "contentHash": "tXE96HyXIk+Ggy5FH5Jf+2Vuyllna3/qZ2ox8DBZJLa7djXL8zDCMgWCYY4pKJLr3JJpkuZnVFf3oj3WIOJTmA==",
        "dependencies": {
          "FSharp.Core": "6.0.3"
        }
      },
      "Fake.Core.Tasks": {
        "type": "Transitive",
        "resolved": "6.0.0",
        "contentHash": "iuCKA9cTtAcllMSpaB41Cm7YDyThTB0CXDyIg/I0aTFB73P/V7ki4ckXu7rgwT63hcDfwliKz5valyOLzN4Hsw==",
        "dependencies": {
          "FSharp.Core": "6.0.3",
          "Fake.Core.Trace": "6.0.0"
        }
      },
      "Fake.Core.Trace": {
        "type": "Transitive",
        "resolved": "6.0.0",
        "contentHash": "/2nvydKHgxAyPQzd1AzuNTumhM8jAeQFwU/fA1S511B8EV0kjHSN693+Qdicb5Hiw2YTBjhmhONyvW89jD0N8A==",
        "dependencies": {
          "FSharp.Core": "6.0.3",
          "Fake.Core.Environment": "6.0.0",
          "Fake.Core.FakeVar": "6.0.0"
        }
      },
      "Fake.Core.Xml": {
        "type": "Transitive",
        "resolved": "6.0.0",
        "contentHash": "CRu4Cyi87WLnBYIR5Ne3ryw0PG7mANOJVPUT3AxgUSLUhYcS1S7R66iHjnQmLZZvwW+dsUjPWKUiDyTB41gUmw==",
        "dependencies": {
          "FSharp.Core": "6.0.3",
          "Fake.Core.String": "6.0.0"
        }
      },
      "Fake.DotNet.MSBuild": {
        "type": "Transitive",
        "resolved": "6.0.0",
        "contentHash": "HrgCFD1lyweQx36BKbU2XP3rmGbEzhunaxHe7Rh8L2PcJslHPglU+hPNuoQEka3Jf35FbM69pUAVct54LYeotA==",
        "dependencies": {
          "BlackFox.VsWhere": "1.1.0",
          "FSharp.Core": "6.0.3",
          "Fake.Core.Environment": "6.0.0",
          "Fake.Core.Process": "6.0.0",
          "Fake.Core.String": "6.0.0",
          "Fake.Core.Trace": "6.0.0",
          "Fake.IO.FileSystem": "6.0.0",
          "MSBuild.StructuredLogger": "2.1.545"
        }
      },
      "Fake.DotNet.NuGet": {
        "type": "Transitive",
        "resolved": "6.0.0",
        "contentHash": "dBmXKz+WIyc2w7jln6d5nrs+fl5kHf3X8lT142F66z9wzB1QYJfaginMcwxTT/dxNS7iOQozbU8njO3Tz3TNWw==",
        "dependencies": {
          "FSharp.Core": "6.0.3",
          "Fake.Core.Environment": "6.0.0",
          "Fake.Core.Process": "6.0.0",
          "Fake.Core.SemVer": "6.0.0",
          "Fake.Core.String": "6.0.0",
          "Fake.Core.Tasks": "6.0.0",
          "Fake.Core.Trace": "6.0.0",
          "Fake.Core.Xml": "6.0.0",
          "Fake.IO.FileSystem": "6.0.0",
          "Fake.Net.Http": "6.0.0",
          "Newtonsoft.Json": "13.0.1",
          "NuGet.Protocol": "6.0.0"
        }
      },
      "Fake.Net.Http": {
        "type": "Transitive",
        "resolved": "6.0.0",
        "contentHash": "pHYHIiS784KvKgWJ44C1eINqvlYo+nN0C6GGoRwLt+6q063ghI/GqWIApLAPPEOF3ORRykcsrJGgVPWrlyQz/Q==",
        "dependencies": {
          "FSharp.Core": "6.0.3",
          "Fake.Core.Trace": "6.0.0"
        }
      },
      "Microsoft.Build.Framework": {
        "type": "Transitive",
        "resolved": "16.10.0",
        "contentHash": "uD2GUw3AYlFSpU42c/80DouuJL6w1Kb06q4FEjQhW/9wjhBwukgx13T5MPIpSvQ8ssahKINanHfMUL89EVQHgQ==",
        "dependencies": {
          "System.Security.Permissions": "4.7.0"
        }
      },
      "Microsoft.Build.Utilities.Core": {
        "type": "Transitive",
        "resolved": "16.10.0",
        "contentHash": "R8eATgdaGCfdepd67LMe1qhJz6iQOTuI9gVoOqXrHwhc77sBDqG0XD9zKvrgOqfS6NJ03KKTAhbbXnLgD5fKCA==",
        "dependencies": {
          "Microsoft.Build.Framework": "16.10.0",
          "Microsoft.NET.StringTools": "1.0.0",
          "Microsoft.Win32.Registry": "4.3.0",
          "System.Collections.Immutable": "5.0.0",
          "System.Configuration.ConfigurationManager": "4.7.0",
          "System.Security.Permissions": "4.7.0",
          "System.Text.Encoding.CodePages": "4.0.1"
        }
      },
      "Microsoft.NET.StringTools": {
        "type": "Transitive",
        "resolved": "1.0.0",
        "contentHash": "ZYVcoDM0LnSyT5nWoRGfShYdOecCw2sOXWwP6j1Z0u48Xq3+BVvZ+EiPCX9/8Gz439giW+O1H1kWF9Eb/w6rVg==",
        "dependencies": {
          "System.Memory": "4.5.4",
          "System.Runtime.CompilerServices.Unsafe": "5.0.0"
        }
      },
      "Microsoft.NETCore.Platforms": {
        "type": "Transitive",
        "resolved": "3.1.0",
        "contentHash": "z7aeg8oHln2CuNulfhiLYxCVMPEwBl3rzicjvIX+4sUuCwvXw5oXQEtbiU2c0z4qYL5L3Kmx0mMA/+t/SbY67w=="
      },
      "Microsoft.NETCore.Targets": {
        "type": "Transitive",
        "resolved": "1.1.0",
        "contentHash": "aOZA3BWfz9RXjpzt0sRJJMjAscAUm3Hoa4UWAfceV9UTYxgwZ1lZt5nO2myFf+/jetYQo4uTP7zS8sJY67BBxg=="
      },
      "Microsoft.NETFramework.ReferenceAssemblies": {
        "type": "Transitive",
        "resolved": "1.0.0",
        "contentHash": "7D2TMufjGiowmt0E941kVoTIS+GTNzaPopuzM1/1LSaJAdJdBrVP0SkZW7AgDd0a2U1DjsIeaKG1wxGVBNLDMw==",
        "dependencies": {
          "Microsoft.NETFramework.ReferenceAssemblies.net461": "1.0.0"
        }
      },
      "Microsoft.NETFramework.ReferenceAssemblies.net461": {
        "type": "Transitive",
        "resolved": "1.0.0",
        "contentHash": "t4HKFwTQk/TkCCe1Sr2veze2QU6/RkRHkSQrZMHo2oFAoPANBg1l93O2Gh+ogqKRLFCRBbInm9hvEeSKVsuepw=="
      },
      "Microsoft.Win32.Primitives": {
        "type": "Transitive",
        "resolved": "4.0.1",
        "contentHash": "fQnBHO9DgcmkC9dYSJoBqo6sH1VJwJprUHh8F3hbcRlxiQiBUuTntdk8tUwV490OqC2kQUrinGwZyQHTieuXRA==",
        "dependencies": {
          "Microsoft.NETCore.Platforms": "1.0.1",
          "Microsoft.NETCore.Targets": "1.0.1",
          "System.Runtime": "4.1.0"
        }
      },
      "Microsoft.Win32.Registry": {
        "type": "Transitive",
        "resolved": "4.7.0",
        "contentHash": "KSrRMb5vNi0CWSGG1++id2ZOs/1QhRqROt+qgbEAdQuGjGrFcl4AOl4/exGPUYz2wUnU42nvJqon1T3U0kPXLA==",
        "dependencies": {
          "System.Security.AccessControl": "4.7.0",
          "System.Security.Principal.Windows": "4.7.0"
        }
      },
      "Microsoft.Win32.SystemEvents": {
        "type": "Transitive",
        "resolved": "4.7.0",
        "contentHash": "mtVirZr++rq+XCDITMUdnETD59XoeMxSpLRIII7JRI6Yj0LEDiO1pPn0ktlnIj12Ix8bfvQqQDMMIF9wC98oCA==",
        "dependencies": {
          "Microsoft.NETCore.Platforms": "3.1.0"
        }
      },
      "Mono.Posix.NETStandard": {
        "type": "Transitive",
        "resolved": "1.0.0",
        "contentHash": "vSN/L1uaVwKsiLa95bYu2SGkF0iY3xMblTfxc8alSziPuVfJpj3geVqHGAA75J7cZkMuKpFVikz82Lo6y6LLdA=="
      },
      "Newtonsoft.Json": {
        "type": "Transitive",
        "resolved": "13.0.1",
        "contentHash": "ppPFpBcvxdsfUonNcvITKqLl3bqxWbDCZIzDWHzjpdAHRFfZe0Dw9HmA0+za13IdyrgJwpkDTDA9fHaxOrt20A=="
      },
      "NuGet.Common": {
        "type": "Transitive",
        "resolved": "6.0.0",
        "contentHash": "NYK9JJd60jpv+VAGuCRnnDftF9osOCCgpkyG48cDK3eTGF0P19ttROJMVULQvJw+lUp31lk9X3rDEMqADj5n3w==",
        "dependencies": {
          "NuGet.Frameworks": "6.0.0"
        }
      },
      "NuGet.Configuration": {
        "type": "Transitive",
        "resolved": "6.0.0",
        "contentHash": "STSvdRMIC6bE5TudnxbLaiPa4zwEWSFtUBpNi23vvhhz/QE6OxvcILvRcZHblOpQj0AU8d5FKAReXFXva6cckw==",
        "dependencies": {
          "NuGet.Common": "6.0.0",
          "System.Security.Cryptography.ProtectedData": "4.4.0"
        }
      },
      "NuGet.Frameworks": {
        "type": "Transitive",
        "resolved": "6.0.0",
        "contentHash": "pEWTGa8sGEbSBE7VtKBlWZafG5tWNCGPzyNL91zneWoxZubNEWK1MN5QPN3fk+cV5CaySePT5reYjCAqELn5DA=="
      },
      "NuGet.Packaging": {
        "type": "Transitive",
        "resolved": "6.0.0",
        "contentHash": "id8iDW58ngtqPZL3y6X6PtAmTHDZ9ydAoeHwJ+A/PblrZ2HHR3mFT41MQU79Hsd8AQMfutEH08z6VpoubeOb4w==",
        "dependencies": {
          "Newtonsoft.Json": "13.0.1",
          "NuGet.Configuration": "6.0.0",
          "NuGet.Versioning": "6.0.0",
          "System.Security.Cryptography.Cng": "5.0.0",
          "System.Security.Cryptography.Pkcs": "5.0.0"
        }
      },
      "NuGet.Protocol": {
        "type": "Transitive",
        "resolved": "6.0.0",
        "contentHash": "W8SShKZ3bMvO2OzwPQj9BfdXnwgQTivs8lKtRIBcrgqKhY/ylNG0JLmGz6BTYDqe89+USnAot6H0/s1ZGC0eTw==",
        "dependencies": {
          "NuGet.Packaging": "6.0.0"
        }
      },
      "NuGet.Versioning": {
        "type": "Transitive",
        "resolved": "6.0.0",
        "contentHash": "XA59hPSbKdExu28TbONlD/BwOkKzjo4u2mkEJIP4wnDz9P65FdM34cVA+2/jztKrKyFmX8jpQW++xOp99mufjw=="
      },
      "runtime.debian.8-x64.runtime.native.System.Security.Cryptography.OpenSsl": {
        "type": "Transitive",
        "resolved": "4.3.0",
        "contentHash": "HdSSp5MnJSsg08KMfZThpuLPJpPwE5hBXvHwoKWosyHHfe8Mh5WKT0ylEOf6yNzX6Ngjxe4Whkafh5q7Ymac4Q=="
      },
      "runtime.fedora.23-x64.runtime.native.System.Security.Cryptography.OpenSsl": {
        "type": "Transitive",
        "resolved": "4.3.0",
        "contentHash": "+yH1a49wJMy8Zt4yx5RhJrxO/DBDByAiCzNwiETI+1S4mPdCu0OY4djdciC7Vssk0l22wQaDLrXxXkp+3+7bVA=="
      },
      "runtime.fedora.24-x64.runtime.native.System.Security.Cryptography.OpenSsl": {
        "type": "Transitive",
        "resolved": "4.3.0",
        "contentHash": "c3YNH1GQJbfIPJeCnr4avseugSqPrxwIqzthYyZDN6EuOyNOzq+y2KSUfRcXauya1sF4foESTgwM5e1A8arAKw=="
      },
      "runtime.native.System": {
        "type": "Transitive",
        "resolved": "4.0.0",
        "contentHash": "QfS/nQI7k/BLgmLrw7qm7YBoULEvgWnPI+cYsbfCVFTW8Aj+i8JhccxcFMu1RWms0YZzF+UHguNBK4Qn89e2Sg==",
        "dependencies": {
          "Microsoft.NETCore.Platforms": "1.0.1",
          "Microsoft.NETCore.Targets": "1.0.1"
        }
      },
      "runtime.native.System.Security.Cryptography.Apple": {
        "type": "Transitive",
        "resolved": "4.3.0",
        "contentHash": "DloMk88juo0OuOWr56QG7MNchmafTLYWvABy36izkrLI5VledI0rq28KGs1i9wbpeT9NPQrx/wTf8U2vazqQ3Q==",
        "dependencies": {
          "runtime.osx.10.10-x64.runtime.native.System.Security.Cryptography.Apple": "4.3.0"
        }
      },
      "runtime.native.System.Security.Cryptography.OpenSsl": {
        "type": "Transitive",
        "resolved": "4.3.0",
        "contentHash": "NS1U+700m4KFRHR5o4vo9DSlTmlCKu/u7dtE5sUHVIPB+xpXxYQvgBgA6wEIeCz6Yfn0Z52/72WYsToCEPJnrw==",
        "dependencies": {
          "runtime.debian.8-x64.runtime.native.System.Security.Cryptography.OpenSsl": "4.3.0",
          "runtime.fedora.23-x64.runtime.native.System.Security.Cryptography.OpenSsl": "4.3.0",
          "runtime.fedora.24-x64.runtime.native.System.Security.Cryptography.OpenSsl": "4.3.0",
          "runtime.opensuse.13.2-x64.runtime.native.System.Security.Cryptography.OpenSsl": "4.3.0",
          "runtime.opensuse.42.1-x64.runtime.native.System.Security.Cryptography.OpenSsl": "4.3.0",
          "runtime.osx.10.10-x64.runtime.native.System.Security.Cryptography.OpenSsl": "4.3.0",
          "runtime.rhel.7-x64.runtime.native.System.Security.Cryptography.OpenSsl": "4.3.0",
          "runtime.ubuntu.14.04-x64.runtime.native.System.Security.Cryptography.OpenSsl": "4.3.0",
          "runtime.ubuntu.16.04-x64.runtime.native.System.Security.Cryptography.OpenSsl": "4.3.0",
          "runtime.ubuntu.16.10-x64.runtime.native.System.Security.Cryptography.OpenSsl": "4.3.0"
        }
      },
      "runtime.opensuse.13.2-x64.runtime.native.System.Security.Cryptography.OpenSsl": {
        "type": "Transitive",
        "resolved": "4.3.0",
        "contentHash": "b3pthNgxxFcD+Pc0WSEoC0+md3MyhRS6aCEeenvNE3Fdw1HyJ18ZhRFVJJzIeR/O/jpxPboB805Ho0T3Ul7w8A=="
      },
      "runtime.opensuse.42.1-x64.runtime.native.System.Security.Cryptography.OpenSsl": {
        "type": "Transitive",
        "resolved": "4.3.0",
        "contentHash": "KeLz4HClKf+nFS7p/6Fi/CqyLXh81FpiGzcmuS8DGi9lUqSnZ6Es23/gv2O+1XVGfrbNmviF7CckBpavkBoIFQ=="
      },
      "runtime.osx.10.10-x64.runtime.native.System.Security.Cryptography.Apple": {
        "type": "Transitive",
        "resolved": "4.3.0",
        "contentHash": "kVXCuMTrTlxq4XOOMAysuNwsXWpYeboGddNGpIgNSZmv1b6r/s/DPk0fYMB7Q5Qo4bY68o48jt4T4y5BVecbCQ=="
      },
      "runtime.osx.10.10-x64.runtime.native.System.Security.Cryptography.OpenSsl": {
        "type": "Transitive",
        "resolved": "4.3.0",
        "contentHash": "X7IdhILzr4ROXd8mI1BUCQMSHSQwelUlBjF1JyTKCjXaOGn2fB4EKBxQbCK2VjO3WaWIdlXZL3W6TiIVnrhX4g=="
      },
      "runtime.rhel.7-x64.runtime.native.System.Security.Cryptography.OpenSsl": {
        "type": "Transitive",
        "resolved": "4.3.0",
        "contentHash": "nyFNiCk/r+VOiIqreLix8yN+q3Wga9+SE8BCgkf+2BwEKiNx6DyvFjCgkfV743/grxv8jHJ8gUK4XEQw7yzRYg=="
      },
      "runtime.ubuntu.14.04-x64.runtime.native.System.Security.Cryptography.OpenSsl": {
        "type": "Transitive",
        "resolved": "4.3.0",
        "contentHash": "ytoewC6wGorL7KoCAvRfsgoJPJbNq+64k2SqW6JcOAebWsFUvCCYgfzQMrnpvPiEl4OrblUlhF2ji+Q1+SVLrQ=="
      },
      "runtime.ubuntu.16.04-x64.runtime.native.System.Security.Cryptography.OpenSsl": {
        "type": "Transitive",
        "resolved": "4.3.0",
        "contentHash": "I8bKw2I8k58Wx7fMKQJn2R8lamboCAiHfHeV/pS65ScKWMMI0+wJkLYlEKvgW1D/XvSl/221clBoR2q9QNNM7A=="
      },
      "runtime.ubuntu.16.10-x64.runtime.native.System.Security.Cryptography.OpenSsl": {
        "type": "Transitive",
        "resolved": "4.3.0",
        "contentHash": "VB5cn/7OzUfzdnC8tqAIMQciVLiq2epm2NrAm1E9OjNRyG4lVhfR61SMcLizejzQP8R8Uf/0l5qOIbUEi+RdEg=="
      },
      "Sln": {
        "type": "Transitive",
        "resolved": "0.3.0",
        "contentHash": "+9oJatN9/LLqL+bEgv+sryK/aLALX9E7cXsFGltYh3qkXYs+IX6CuTF+I3tXdG6bd4HkkAHXiOW5v7J2An1cDg=="
      },
      "System.Buffers": {
        "type": "Transitive",
        "resolved": "4.5.0",
        "contentHash": "pL2ChpaRRWI/p4LXyy4RgeWlYF2sgfj/pnVMvBqwNFr5cXg7CXNnWZWxrOONLg8VGdFB8oB+EG2Qw4MLgTOe+A=="
      },
      "System.Collections": {
        "type": "Transitive",
        "resolved": "4.3.0",
        "contentHash": "3Dcj85/TBdVpL5Zr+gEEBUuFe2icOnLalmEh9hfck1PTYbbyWuZgh4fmm2ysCLTrqLQw6t3TgTyJ+VLp+Qb+Lw==",
        "dependencies": {
          "Microsoft.NETCore.Platforms": "1.1.0",
          "Microsoft.NETCore.Targets": "1.1.0",
          "System.Runtime": "4.3.0"
        }
      },
      "System.Collections.Concurrent": {
        "type": "Transitive",
        "resolved": "4.3.0",
        "contentHash": "ztl69Xp0Y/UXCL+3v3tEU+lIy+bvjKNUmopn1wep/a291pVPK7dxBd6T7WnlQqRog+d1a/hSsgRsmFnIBKTPLQ==",
        "dependencies": {
          "System.Collections": "4.3.0",
          "System.Diagnostics.Debug": "4.3.0",
          "System.Diagnostics.Tracing": "4.3.0",
          "System.Globalization": "4.3.0",
          "System.Reflection": "4.3.0",
          "System.Resources.ResourceManager": "4.3.0",
          "System.Runtime": "4.3.0",
          "System.Runtime.Extensions": "4.3.0",
          "System.Threading": "4.3.0",
          "System.Threading.Tasks": "4.3.0"
        }
      },
      "System.Collections.Immutable": {
        "type": "Transitive",
        "resolved": "6.0.0",
        "contentHash": "l4zZJ1WU2hqpQQHXz1rvC3etVZN+2DLmQMO79FhOTZHMn8tDRr+WU287sbomD0BETlmKDn0ygUgVy9k5xkkJdA==",
        "dependencies": {
          "System.Runtime.CompilerServices.Unsafe": "6.0.0"
        }
      },
      "System.Configuration.ConfigurationManager": {
        "type": "Transitive",
        "resolved": "4.7.0",
        "contentHash": "/anOTeSZCNNI2zDilogWrZ8pNqCmYbzGNexUnNhjW8k0sHqEZ2nHJBp147jBV3hGYswu5lINpNg1vxR7bnqvVA==",
        "dependencies": {
          "System.Security.Cryptography.ProtectedData": "4.7.0",
          "System.Security.Permissions": "4.7.0"
        }
      },
      "System.Diagnostics.Debug": {
        "type": "Transitive",
        "resolved": "4.3.0",
        "contentHash": "ZUhUOdqmaG5Jk3Xdb8xi5kIyQYAA4PnTNlHx1mu9ZY3qv4ELIdKbnL/akbGaKi2RnNUWaZsAs31rvzFdewTj2g==",
        "dependencies": {
          "Microsoft.NETCore.Platforms": "1.1.0",
          "Microsoft.NETCore.Targets": "1.1.0",
          "System.Runtime": "4.3.0"
        }
      },
      "System.Diagnostics.Process": {
        "type": "Transitive",
        "resolved": "4.1.0",
        "contentHash": "mpVZ5bnlSs3tTeJ6jYyDJEIa6tavhAd88lxq1zbYhkkCu0Pno2+gHXcvZcoygq2d8JxW3gojXqNJMTAshduqZA==",
        "dependencies": {
          "Microsoft.NETCore.Platforms": "1.0.1",
          "Microsoft.Win32.Primitives": "4.0.1",
          "Microsoft.Win32.Registry": "4.0.0",
          "System.Collections": "4.0.11",
          "System.Diagnostics.Debug": "4.0.11",
          "System.Globalization": "4.0.11",
          "System.IO": "4.1.0",
          "System.IO.FileSystem": "4.0.1",
          "System.IO.FileSystem.Primitives": "4.0.1",
          "System.Resources.ResourceManager": "4.0.1",
          "System.Runtime": "4.1.0",
          "System.Runtime.Extensions": "4.1.0",
          "System.Runtime.Handles": "4.0.1",
          "System.Runtime.InteropServices": "4.1.0",
          "System.Text.Encoding": "4.0.11",
          "System.Text.Encoding.Extensions": "4.0.11",
          "System.Threading": "4.0.11",
          "System.Threading.Tasks": "4.0.11",
          "System.Threading.Thread": "4.0.0",
          "System.Threading.ThreadPool": "4.0.10",
          "runtime.native.System": "4.0.0"
        }
      },
      "System.Diagnostics.TraceSource": {
        "type": "Transitive",
        "resolved": "4.0.0",
        "contentHash": "6WVCczFZKXwpWpzd/iJkYnsmWTSFFiU24Xx/YdHXBcu+nFI/ehTgeqdJQFbtRPzbrO3KtRNjvkhtj4t5/WwWsA==",
        "dependencies": {
          "Microsoft.NETCore.Platforms": "1.0.1",
          "System.Collections": "4.0.11",
          "System.Diagnostics.Debug": "4.0.11",
          "System.Globalization": "4.0.11",
          "System.Resources.ResourceManager": "4.0.1",
          "System.Runtime": "4.1.0",
          "System.Runtime.Extensions": "4.1.0",
          "System.Threading": "4.0.11",
          "runtime.native.System": "4.0.0"
        }
      },
      "System.Diagnostics.Tracing": {
        "type": "Transitive",
        "resolved": "4.3.0",
        "contentHash": "rswfv0f/Cqkh78rA5S8eN8Neocz234+emGCtTF3lxPY96F+mmmUen6tbn0glN6PMvlKQb9bPAY5e9u7fgPTkKw==",
        "dependencies": {
          "Microsoft.NETCore.Platforms": "1.1.0",
          "Microsoft.NETCore.Targets": "1.1.0",
          "System.Runtime": "4.3.0"
        }
      },
      "System.Drawing.Common": {
        "type": "Transitive",
        "resolved": "4.7.0",
        "contentHash": "v+XbyYHaZjDfn0ENmJEV1VYLgGgCTx1gnfOBcppowbpOAriglYgGCvFCPr2EEZyBvXlpxbEsTwkOlInl107ahA==",
        "dependencies": {
          "Microsoft.NETCore.Platforms": "3.1.0",
          "Microsoft.Win32.SystemEvents": "4.7.0"
        }
      },
      "System.Formats.Asn1": {
        "type": "Transitive",
        "resolved": "5.0.0",
        "contentHash": "MTvUIktmemNB+El0Fgw9egyqT9AYSIk6DTJeoDSpc3GIHxHCMo8COqkWT1mptX5tZ1SlQ6HJZ0OsSvMth1c12w=="
      },
      "System.Globalization": {
        "type": "Transitive",
        "resolved": "4.3.0",
        "contentHash": "kYdVd2f2PAdFGblzFswE4hkNANJBKRmsfa2X5LG2AcWE1c7/4t0pYae1L8vfZ5xvE2nK/R9JprtToA61OSHWIg==",
        "dependencies": {
          "Microsoft.NETCore.Platforms": "1.1.0",
          "Microsoft.NETCore.Targets": "1.1.0",
          "System.Runtime": "4.3.0"
        }
      },
      "System.IO": {
        "type": "Transitive",
        "resolved": "4.3.0",
        "contentHash": "3qjaHvxQPDpSOYICjUoTsmoq5u6QJAFRUITgeT/4gqkF1bajbSmb1kwSxEA8AHlofqgcKJcM8udgieRNhaJ5Cg==",
        "dependencies": {
          "Microsoft.NETCore.Platforms": "1.1.0",
          "Microsoft.NETCore.Targets": "1.1.0",
          "System.Runtime": "4.3.0",
          "System.Text.Encoding": "4.3.0",
          "System.Threading.Tasks": "4.3.0"
        }
      },
      "System.IO.FileSystem": {
        "type": "Transitive",
        "resolved": "4.0.1",
        "contentHash": "IBErlVq5jOggAD69bg1t0pJcHaDbJbWNUZTPI96fkYWzwYbN6D9wRHMULLDd9dHsl7C2YsxXL31LMfPI1SWt8w==",
        "dependencies": {
          "Microsoft.NETCore.Platforms": "1.0.1",
          "Microsoft.NETCore.Targets": "1.0.1",
          "System.IO": "4.1.0",
          "System.IO.FileSystem.Primitives": "4.0.1",
          "System.Runtime": "4.1.0",
          "System.Runtime.Handles": "4.0.1",
          "System.Text.Encoding": "4.0.11",
          "System.Threading.Tasks": "4.0.11"
        }
      },
      "System.IO.FileSystem.Primitives": {
        "type": "Transitive",
        "resolved": "4.0.1",
        "contentHash": "kWkKD203JJKxJeE74p8aF8y4Qc9r9WQx4C0cHzHPrY3fv/L/IhWnyCHaFJ3H1QPOH6A93whlQ2vG5nHlBDvzWQ==",
        "dependencies": {
          "System.Runtime": "4.1.0"
        }
      },
      "System.Linq": {
        "type": "Transitive",
        "resolved": "4.3.0",
        "contentHash": "5DbqIUpsDp0dFftytzuMmc0oeMdQwjcP/EWxsksIz/w1TcFRkZ3yKKz0PqiYFMmEwPSWw+qNVqD7PJ889JzHbw==",
        "dependencies": {
          "System.Collections": "4.3.0",
          "System.Diagnostics.Debug": "4.3.0",
          "System.Resources.ResourceManager": "4.3.0",
          "System.Runtime": "4.3.0",
          "System.Runtime.Extensions": "4.3.0"
        }
      },
      "System.Memory": {
        "type": "Transitive",
        "resolved": "4.5.4",
        "contentHash": "1MbJTHS1lZ4bS4FmsJjnuGJOu88ZzTT2rLvrhW7Ygic+pC0NWA+3hgAen0HRdsocuQXCkUTdFn9yHJJhsijDXw=="
      },
      "System.Reflection": {
        "type": "Transitive",
        "resolved": "4.3.0",
        "contentHash": "KMiAFoW7MfJGa9nDFNcfu+FpEdiHpWgTcS2HdMpDvt9saK3y/G4GwprPyzqjFH9NTaGPQeWNHU+iDlDILj96aQ==",
        "dependencies": {
          "Microsoft.NETCore.Platforms": "1.1.0",
          "Microsoft.NETCore.Targets": "1.1.0",
          "System.IO": "4.3.0",
          "System.Reflection.Primitives": "4.3.0",
          "System.Runtime": "4.3.0"
        }
      },
      "System.Reflection.Emit": {
        "type": "Transitive",
        "resolved": "4.3.0",
        "contentHash": "228FG0jLcIwTVJyz8CLFKueVqQK36ANazUManGaJHkO0icjiIypKW7YLWLIWahyIkdh5M7mV2dJepllLyA1SKg==",
        "dependencies": {
          "System.IO": "4.3.0",
          "System.Reflection": "4.3.0",
          "System.Reflection.Emit.ILGeneration": "4.3.0",
          "System.Reflection.Primitives": "4.3.0",
          "System.Runtime": "4.3.0"
        }
      },
      "System.Reflection.Emit.ILGeneration": {
        "type": "Transitive",
        "resolved": "4.3.0",
        "contentHash": "59tBslAk9733NXLrUJrwNZEzbMAcu8k344OYo+wfSVygcgZ9lgBdGIzH/nrg3LYhXceynyvTc8t5/GD4Ri0/ng==",
        "dependencies": {
          "System.Reflection": "4.3.0",
          "System.Reflection.Primitives": "4.3.0",
          "System.Runtime": "4.3.0"
        }
      },
      "System.Reflection.Metadata": {
        "type": "Transitive",
        "resolved": "1.6.0",
        "contentHash": "COC1aiAJjCoA5GBF+QKL2uLqEBew4JsCkQmoHKbN3TlOZKa2fKLz5CpiRQKDz0RsAOEGsVKqOD5bomsXq/4STQ=="
      },
      "System.Reflection.Primitives": {
        "type": "Transitive",
        "resolved": "4.3.0",
        "contentHash": "5RXItQz5As4xN2/YUDxdpsEkMhvw3e6aNveFXUn4Hl/udNTCNhnKp8lT9fnc3MhvGKh1baak5CovpuQUXHAlIA==",
        "dependencies": {
          "Microsoft.NETCore.Platforms": "1.1.0",
          "Microsoft.NETCore.Targets": "1.1.0",
          "System.Runtime": "4.3.0"
        }
      },
      "System.Reflection.TypeExtensions": {
        "type": "Transitive",
        "resolved": "4.3.0",
        "contentHash": "7u6ulLcZbyxB5Gq0nMkQttcdBTx57ibzw+4IOXEfR+sXYQoHvjW5LTLyNr8O22UIMrqYbchJQJnos4eooYzYJA==",
        "dependencies": {
          "System.Reflection": "4.3.0",
          "System.Runtime": "4.3.0"
        }
      },
      "System.Resources.ResourceManager": {
        "type": "Transitive",
        "resolved": "4.3.0",
        "contentHash": "/zrcPkkWdZmI4F92gL/TPumP98AVDu/Wxr3CSJGQQ+XN6wbRZcyfSKVoPo17ilb3iOr0cCRqJInGwNMolqhS8A==",
        "dependencies": {
          "Microsoft.NETCore.Platforms": "1.1.0",
          "Microsoft.NETCore.Targets": "1.1.0",
          "System.Globalization": "4.3.0",
          "System.Reflection": "4.3.0",
          "System.Runtime": "4.3.0"
        }
      },
      "System.Runtime": {
        "type": "Transitive",
        "resolved": "4.3.0",
        "contentHash": "JufQi0vPQ0xGnAczR13AUFglDyVYt4Kqnz1AZaiKZ5+GICq0/1MH/mO/eAJHt/mHW1zjKBJd7kV26SrxddAhiw==",
        "dependencies": {
          "Microsoft.NETCore.Platforms": "1.1.0",
          "Microsoft.NETCore.Targets": "1.1.0"
        }
      },
      "System.Runtime.CompilerServices.Unsafe": {
        "type": "Transitive",
        "resolved": "6.0.0",
        "contentHash": "/iUeP3tq1S0XdNNoMz5C9twLSrM/TH+qElHkXWaPvuNOt+99G75NrV0OS2EqHx5wMN7popYjpc8oTjC1y16DLg=="
      },
      "System.Runtime.Extensions": {
        "type": "Transitive",
        "resolved": "4.3.0",
        "contentHash": "guW0uK0fn5fcJJ1tJVXYd7/1h5F+pea1r7FLSOz/f8vPEqbR2ZAknuRDvTQ8PzAilDveOxNjSfr0CHfIQfFk8g==",
        "dependencies": {
          "Microsoft.NETCore.Platforms": "1.1.0",
          "Microsoft.NETCore.Targets": "1.1.0",
          "System.Runtime": "4.3.0"
        }
      },
      "System.Runtime.Handles": {
        "type": "Transitive",
        "resolved": "4.3.0",
        "contentHash": "OKiSUN7DmTWeYb3l51A7EYaeNMnvxwE249YtZz7yooT4gOZhmTjIn48KgSsw2k2lYdLgTKNJw/ZIfSElwDRVgg==",
        "dependencies": {
          "Microsoft.NETCore.Platforms": "1.1.0",
          "Microsoft.NETCore.Targets": "1.1.0",
          "System.Runtime": "4.3.0"
        }
      },
      "System.Runtime.InteropServices": {
        "type": "Transitive",
        "resolved": "4.3.0",
        "contentHash": "uv1ynXqiMK8mp1GM3jDqPCFN66eJ5w5XNomaK2XD+TuCroNTLFGeZ+WCmBMcBDyTFKou3P6cR6J/QsaqDp7fGQ==",
        "dependencies": {
          "Microsoft.NETCore.Platforms": "1.1.0",
          "Microsoft.NETCore.Targets": "1.1.0",
          "System.Reflection": "4.3.0",
          "System.Reflection.Primitives": "4.3.0",
          "System.Runtime": "4.3.0",
          "System.Runtime.Handles": "4.3.0"
        }
      },
      "System.Runtime.Loader": {
        "type": "Transitive",
        "resolved": "4.0.0",
        "contentHash": "4UN78GOVU/mbDFcXkEWtetJT/sJ0yic2gGk1HSlSpWI0TDf421xnrZTDZnwNBapk1GQeYN7U1lTj/aQB1by6ow==",
        "dependencies": {
          "System.IO": "4.1.0",
          "System.Reflection": "4.1.0",
          "System.Runtime": "4.1.0"
        }
      },
      "System.Runtime.Numerics": {
        "type": "Transitive",
        "resolved": "4.3.0",
        "contentHash": "yMH+MfdzHjy17l2KESnPiF2dwq7T+xLnSJar7slyimAkUh/gTrS9/UQOtv7xarskJ2/XDSNvfLGOBQPjL7PaHQ==",
        "dependencies": {
          "System.Globalization": "4.3.0",
          "System.Resources.ResourceManager": "4.3.0",
          "System.Runtime": "4.3.0",
          "System.Runtime.Extensions": "4.3.0"
        }
      },
      "System.Security.AccessControl": {
        "type": "Transitive",
        "resolved": "4.7.0",
        "contentHash": "JECvTt5aFF3WT3gHpfofL2MNNP6v84sxtXxpqhLBCcDRzqsPBmHhQ6shv4DwwN2tRlzsUxtb3G9M3763rbXKDg==",
        "dependencies": {
          "Microsoft.NETCore.Platforms": "3.1.0",
          "System.Security.Principal.Windows": "4.7.0"
        }
      },
      "System.Security.Cryptography.Algorithms": {
        "type": "Transitive",
        "resolved": "4.3.0",
        "contentHash": "W1kd2Y8mYSCgc3ULTAZ0hOP2dSdG5YauTb1089T0/kRcN2MpSAW1izOFROrJgxSlMn3ArsgHXagigyi+ibhevg==",
        "dependencies": {
          "Microsoft.NETCore.Platforms": "1.1.0",
          "System.Collections": "4.3.0",
          "System.IO": "4.3.0",
          "System.Resources.ResourceManager": "4.3.0",
          "System.Runtime": "4.3.0",
          "System.Runtime.Extensions": "4.3.0",
          "System.Runtime.Handles": "4.3.0",
          "System.Runtime.InteropServices": "4.3.0",
          "System.Runtime.Numerics": "4.3.0",
          "System.Security.Cryptography.Encoding": "4.3.0",
          "System.Security.Cryptography.Primitives": "4.3.0",
          "System.Text.Encoding": "4.3.0",
          "runtime.native.System.Security.Cryptography.Apple": "4.3.0",
          "runtime.native.System.Security.Cryptography.OpenSsl": "4.3.0"
        }
      },
      "System.Security.Cryptography.Cng": {
        "type": "Transitive",
        "resolved": "5.0.0",
        "contentHash": "jIMXsKn94T9JY7PvPq/tMfqa6GAaHpElRDpmG+SuL+D3+sTw2M8VhnibKnN8Tq+4JqbPJ/f+BwtLeDMEnzAvRg==",
        "dependencies": {
          "System.Formats.Asn1": "5.0.0"
        }
      },
      "System.Security.Cryptography.Encoding": {
        "type": "Transitive",
        "resolved": "4.3.0",
        "contentHash": "1DEWjZZly9ae9C79vFwqaO5kaOlI5q+3/55ohmq/7dpDyDfc8lYe7YVxJUZ5MF/NtbkRjwFRo14yM4OEo9EmDw==",
        "dependencies": {
          "Microsoft.NETCore.Platforms": "1.1.0",
          "System.Collections": "4.3.0",
          "System.Collections.Concurrent": "4.3.0",
          "System.Linq": "4.3.0",
          "System.Resources.ResourceManager": "4.3.0",
          "System.Runtime": "4.3.0",
          "System.Runtime.Extensions": "4.3.0",
          "System.Runtime.Handles": "4.3.0",
          "System.Runtime.InteropServices": "4.3.0",
          "System.Security.Cryptography.Primitives": "4.3.0",
          "System.Text.Encoding": "4.3.0",
          "runtime.native.System.Security.Cryptography.OpenSsl": "4.3.0"
        }
      },
      "System.Security.Cryptography.Pkcs": {
        "type": "Transitive",
        "resolved": "5.0.0",
        "contentHash": "9TPLGjBCGKmNvG8pjwPeuYy0SMVmGZRwlTZvyPHDbYv/DRkoeumJdfumaaDNQzVGMEmbWtg07zUpSW9q70IlDQ==",
        "dependencies": {
          "System.Formats.Asn1": "5.0.0",
          "System.Security.Cryptography.Cng": "5.0.0"
        }
      },
      "System.Security.Cryptography.Primitives": {
        "type": "Transitive",
        "resolved": "4.3.0",
        "contentHash": "7bDIyVFNL/xKeFHjhobUAQqSpJq9YTOpbEs6mR233Et01STBMXNAc/V+BM6dwYGc95gVh/Zf+iVXWzj3mE8DWg==",
        "dependencies": {
          "System.Diagnostics.Debug": "4.3.0",
          "System.Globalization": "4.3.0",
          "System.IO": "4.3.0",
          "System.Resources.ResourceManager": "4.3.0",
          "System.Runtime": "4.3.0",
          "System.Threading": "4.3.0",
          "System.Threading.Tasks": "4.3.0"
        }
      },
      "System.Security.Cryptography.ProtectedData": {
        "type": "Transitive",
        "resolved": "4.7.0",
        "contentHash": "ehYW0m9ptxpGWvE4zgqongBVWpSDU/JCFD4K7krxkQwSz/sFQjEXCUqpvencjy6DYDbn7Ig09R8GFffu8TtneQ=="
      },
      "System.Security.Permissions": {
        "type": "Transitive",
        "resolved": "4.7.0",
        "contentHash": "dkOV6YYVBnYRa15/yv004eCGRBVADXw8qRbbNiCn/XpdJSUXkkUeIvdvFHkvnko4CdKMqG8yRHC4ox83LSlMsQ==",
        "dependencies": {
          "System.Security.AccessControl": "4.7.0",
          "System.Windows.Extensions": "4.7.0"
        }
      },
      "System.Security.Principal.Windows": {
        "type": "Transitive",
        "resolved": "4.7.0",
        "contentHash": "ojD0PX0XhneCsUbAZVKdb7h/70vyYMDYs85lwEI+LngEONe/17A0cFaRFqZU+sOEidcVswYWikYOQ9PPfjlbtQ=="
      },
      "System.Text.Encoding": {
        "type": "Transitive",
        "resolved": "4.3.0",
        "contentHash": "BiIg+KWaSDOITze6jGQynxg64naAPtqGHBwDrLaCtixsa5bKiR8dpPOHA7ge3C0JJQizJE+sfkz1wV+BAKAYZw==",
        "dependencies": {
          "Microsoft.NETCore.Platforms": "1.1.0",
          "Microsoft.NETCore.Targets": "1.1.0",
          "System.Runtime": "4.3.0"
        }
      },
      "System.Text.Encoding.CodePages": {
        "type": "Transitive",
        "resolved": "4.0.1",
        "contentHash": "h4z6rrA/hxWf4655D18IIZ0eaLRa3tQC/j+e26W+VinIHY0l07iEXaAvO0YSYq3MvCjMYy8Zs5AdC1sxNQOB7Q==",
        "dependencies": {
          "Microsoft.NETCore.Platforms": "1.0.1",
          "System.Collections": "4.0.11",
          "System.Globalization": "4.0.11",
          "System.IO": "4.1.0",
          "System.Reflection": "4.1.0",
          "System.Resources.ResourceManager": "4.0.1",
          "System.Runtime": "4.1.0",
          "System.Runtime.Extensions": "4.1.0",
          "System.Runtime.Handles": "4.0.1",
          "System.Runtime.InteropServices": "4.1.0",
          "System.Text.Encoding": "4.0.11",
          "System.Threading": "4.0.11"
        }
      },
      "System.Text.Encoding.Extensions": {
        "type": "Transitive",
        "resolved": "4.0.11",
        "contentHash": "jtbiTDtvfLYgXn8PTfWI+SiBs51rrmO4AAckx4KR6vFK9Wzf6tI8kcRdsYQNwriUeQ1+CtQbM1W4cMbLXnj/OQ==",
        "dependencies": {
          "Microsoft.NETCore.Platforms": "1.0.1",
          "Microsoft.NETCore.Targets": "1.0.1",
          "System.Runtime": "4.1.0",
          "System.Text.Encoding": "4.0.11"
        }
      },
      "System.Threading": {
        "type": "Transitive",
        "resolved": "4.3.0",
        "contentHash": "VkUS0kOBcUf3Wwm0TSbrevDDZ6BlM+b/HRiapRFWjM5O0NS0LviG0glKmFK+hhPDd1XFeSdU1GmlLhb2CoVpIw==",
        "dependencies": {
          "System.Runtime": "4.3.0",
          "System.Threading.Tasks": "4.3.0"
        }
      },
      "System.Threading.Tasks": {
        "type": "Transitive",
        "resolved": "4.3.0",
        "contentHash": "LbSxKEdOUhVe8BezB/9uOGGppt+nZf6e1VFyw6v3DN6lqitm0OSn2uXMOdtP0M3W4iMcqcivm2J6UgqiwwnXiA==",
        "dependencies": {
          "Microsoft.NETCore.Platforms": "1.1.0",
          "Microsoft.NETCore.Targets": "1.1.0",
          "System.Runtime": "4.3.0"
        }
      },
      "System.Threading.Thread": {
        "type": "Transitive",
        "resolved": "4.0.0",
        "contentHash": "gIdJqDXlOr5W9zeqFErLw3dsOsiShSCYtF9SEHitACycmvNvY8odf9kiKvp6V7aibc8C4HzzNBkWXjyfn7plbQ==",
        "dependencies": {
          "System.Runtime": "4.1.0"
        }
      },
      "System.Threading.ThreadPool": {
        "type": "Transitive",
        "resolved": "4.0.10",
        "contentHash": "IMXgB5Vf/5Qw1kpoVgJMOvUO1l32aC+qC3OaIZjWJOjvcxuxNWOK2ZTWWYXfij22NHxT2j1yWX5vlAeQWld9vA==",
        "dependencies": {
          "System.Runtime": "4.1.0",
          "System.Runtime.Handles": "4.0.1"
        }
      },
      "System.ValueTuple": {
        "type": "Transitive",
        "resolved": "4.4.0",
        "contentHash": "BahUww/+mdP4ARCAh2RQhQTg13wYLVrBb9SYVgW8ZlrwjraGCXHGjo0oIiUfZ34LUZkMMR+RAzR7dEY4S1HeQQ=="
      },
      "System.Windows.Extensions": {
        "type": "Transitive",
        "resolved": "4.7.0",
        "contentHash": "CeWTdRNfRaSh0pm2gDTJFwVaXfTq6Xwv/sA887iwPTneW7oMtMlpvDIO+U60+3GWTB7Aom6oQwv5VZVUhQRdPQ==",
        "dependencies": {
          "System.Drawing.Common": "4.7.0"
        }
      },
      "Fake.Core.Environment": {
        "type": "CentralTransitive",
        "requested": "[6.0.0, )",
        "resolved": "6.0.0",
        "contentHash": "fbarOWC6HMgrn5dVZddsHOSRayRME0T9PWuy5sAhun4SI8eQOBuYYPTalcceF8KJcEWbxy1OY9XU2LLcUfd/Ew==",
        "dependencies": {
          "FSharp.Core": "6.0.3"
        }
      },
      "Fake.Core.Process": {
        "type": "CentralTransitive",
        "requested": "[6.0.0, )",
        "resolved": "6.0.0",
        "contentHash": "E/Uck6951pHs8MLfRX/+OsyZbZiicaVbNAchn9w7SDs8J/CDfMSsUG50Sz3LfQ1rU0B93NwuqvVEyuLWab2kMQ==",
        "dependencies": {
          "FSharp.Core": "6.0.3",
          "Fake.Core.Environment": "6.0.0",
          "Fake.Core.FakeVar": "6.0.0",
          "Fake.Core.String": "6.0.0",
          "Fake.Core.Trace": "6.0.0",
          "Fake.IO.FileSystem": "6.0.0",
          "System.Collections.Immutable": "6.0.0"
        }
      },
      "FSharp.Compiler.Service": {
        "type": "CentralTransitive",
        "requested": "[34.1.1, )",
        "resolved": "34.1.1",
        "contentHash": "9Q8sgl3XR41eeIBoaxQEG2NQzn0JjWBf+MUvLO8aCTYFZeaPezNTvHvv8+CLHUEeih/fllEFGQM1efkeOA9rUw==",
        "dependencies": {
          "FSharp.Core": "4.6.2",
          "System.Buffers": "4.5.0",
          "System.Collections.Immutable": "1.5.0",
          "System.Diagnostics.Process": "4.1.0",
          "System.Diagnostics.TraceSource": "4.0.0",
          "System.Memory": "4.5.3",
          "System.Reflection.Emit": "4.3.0",
          "System.Reflection.Metadata": "1.6.0",
          "System.Reflection.TypeExtensions": "4.3.0",
          "System.Runtime.Loader": "4.0.0",
          "System.Security.Cryptography.Algorithms": "4.3.0"
        }
      },
      "FSharp.Core": {
        "type": "CentralTransitive",
        "requested": "[7.0.200, )",
        "resolved": "7.0.200",
        "contentHash": "NmgUnpNH6Zu9B0SPIhojyo38gnPdkdYFYQfbd6zosEH32kbGY/g/Klk7PfOWe1NAe/O1YOMmK9KhwQ2OWsWEbg=="
      }
    }
  }
}