{
  "version": 2,
  "dependencies": {
    "net10.0": {
      "Fabulous.AST": {
        "type": "Direct",
        "requested": "[1.10.0, )",
        "resolved": "1.10.0",
        "contentHash": "7Hr980JrpWQGLs/kiM+d0cCtaCtl8Za8SHMYbM9Xuc2+ICysHEwz3fAOidNMv8oAiA87gpGEfZArsaVUtK64Uw==",
        "dependencies": {
          "Fantomas.Core": "[7.0.1]"
        }
      },
      "Fantomas.Core": {
        "type": "Direct",
        "requested": "[7.0.5, )",
        "resolved": "7.0.5",
        "contentHash": "wGbCsAqKhyhuDwMsOXh4p9GJvw7OzJX/OwoPAVw913Fae2rbczREl8L8U5hZIadoJmhuyIu0Dp/8UJToykZs6Q==",
        "dependencies": {
          "FSharp.Core": "8.0.100",
          "Fantomas.FCS": "7.0.5"
        }
      },
      "FSharp.Compiler.Service": {
        "type": "Direct",
        "requested": "[34.1.1, )",
        "resolved": "34.1.1",
        "contentHash": "9Q8sgl3XR41eeIBoaxQEG2NQzn0JjWBf+MUvLO8aCTYFZeaPezNTvHvv8+CLHUEeih/fllEFGQM1efkeOA9rUw==",
        "dependencies": {
          "FSharp.Core": "4.6.2"
        }
      },
      "FSharp.Core": {
        "type": "Direct",
        "requested": "[11.0.100, )",
        "resolved": "11.0.100",
        "contentHash": "ijfOz8ihqkFNdKUY57l8YTrbJNfQW/6tFYAUU57ByZzmTxxf1o12cQaCqDOjNqAz4h86AKS7IwQkNhYcrjLeCQ=="
      },
      "Myriad.Core": {
        "type": "Direct",
        "requested": "[0.85.0, )",
        "resolved": "0.85.0",
        "contentHash": "RqNukBy6IBe9rxoSK5Okt/8TdasSOrN2MAVOE5+u8dl5gGyYF4j5CvhNlQNSyC0YuBM9hncogsfLQHeoOevxtA==",
        "dependencies": {
          "Fantomas.Core": "7.0.5",
          "editorconfig": "0.15.0"
        }
      },
      "editorconfig": {
        "type": "Transitive",
        "resolved": "0.15.0",
        "contentHash": "NuUxFbycSCOhl0WzmNZ8ksSMrTHBFzTASkil+IOqXpqTXszokKjy6ihxMdjArGaC+AaLLq4nxfGVFLi6KWyFJg=="
      },
      "Fantomas.FCS": {
        "type": "Transitive",
        "resolved": "7.0.5",
        "contentHash": "WxifhpLkDuv/WronO8UcEe8gsSTuuMqrUjnke/kUd11vTJ9T8IYouGidT+sSDaf1dAMaf1bb6maz/h+/dSu6wg==",
        "dependencies": {
          "FSharp.Core": "8.0.100"
        }
      }
    }
  }
}