<Solution>
  <Folder Name="/.solution/">
    <File Path="NuGet.config" />
    <File Path="README.md" />
    <File Path="CODE_OF_CONDUCT.md" />
    <File Path="CONTRIBUTING.md" />
    <File Path="Directory.Build.props" />
    <File Path="Directory.Packages.props" />
    <File Path="LICENSE" />
    <File Path="LICENSE.md" />
    <File Path="LICENSE.spdx" />
    <File Path="NOTICE" />
    <File Path="dotnet.config" />
    <File Path="AGENTS.md" />
  </Folder>
  <Folder Name="/src/">
    <Project Path="src/Morphir.Tooling/Morphir.Tooling.csproj" />
    <Project Path="src/Morphir/Morphir.csproj" />
    <Project Path="src/Morphir.Configuration/Morphir.Configuration.fsproj" />
    <Project Path="src/Morphir.IR.Pipeline/Morphir.IR.Pipeline.fsproj" />
    <Project Path="src/Morphir.Tool/Morphir.Tool.csproj" />
    <Project Path="src\Morphir.Live\Morphir.Live.fsproj" />
    <Project Path="src\Morphir.Core\Morphir.Core.csproj" />
    <Project Path="src\Morphir.Internal.CodeGeneration\Morphir.Internal.CodeGeneration.fsproj" />
    <Project Path="src\Morphir.Models\Morphir.Models.fsproj" />
    <Project Path="src\Morphir.Testing\Morphir.Testing.fsproj" />
  </Folder>
  <Folder Name="/tests/">
    <Project Path="tests/Morphir.Configuration.Tests/Morphir.Configuration.Tests.fsproj" />
    <Project Path="tests/Morphir.Internal.CodeGeneration.Tests/Morphir.Internal.CodeGeneration.Tests.fsproj" />
    <Project Path="tests/Morphir.IR.Pipeline.Tests/Morphir.IR.Pipeline.Tests.fsproj" />
    <Project Path="tests/Morphir.Tooling.Tests/Morphir.Tooling.Tests.csproj" />
    <Project Path="tests\Morphir.Core.Tests\Morphir.Core.Tests.csproj" />
    <Project Path="tests\Morphir.Models.Tests\Morphir.Models.Tests.fsproj" />
    <Project Path="tests\Morphir.Build.Tests\Morphir.Build.Tests.csproj" />
    <Project Path="tests\Morphir.Tests\Morphir.Tests.csproj" />
    <Project Path="tests\Morphir.Live.Tests\Morphir.Live.Tests.fsproj" />
  </Folder>
</Solution>
