
Microsoft Visual Studio Solution File, Format Version 12.00
# Visual Studio 15
VisualStudioVersion = 15.0.26124.0
MinimumVisualStudioVersion = 15.0.26124.0
Project("{2150E333-8FDC-42A3-9474-1A3956D46DE8}") = "src", "src", "{C397A34C-84F1-49E7-AEBC-2F9F2B196216}"
EndProject
Project("{F2A71F9B-5D33-465A-A702-920D77279786}") = "Morphir", "src\Morphir\Morphir.fsproj", "{5D30E174-2538-47AC-8443-318C8C5DC2C9}"
EndProject
Project("{2150E333-8FDC-42A3-9474-1A3956D46DE8}") = "tests", "tests", "{ACBEE43C-7A88-4FB1-9B06-DB064D22B29F}"
EndProject
Project("{F2A71F9B-5D33-465A-A702-920D77279786}") = "Morphir.Tests", "tests\Morphir.Tests\Morphir.Tests.fsproj", "{1CA2E092-2320-451D-A4F0-9ED7C7C528CA}"
EndProject
Project("{F2A71F9B-5D33-465A-A702-920D77279786}") = "build", "build\build.fsproj", "{7C1FEB47-7157-4606-A639-B59281EDE4A0}"
EndProject
Project("{F2A71F9B-5D33-465A-A702-920D77279786}") = "Morphir.SDK.Testing", "src\Morphir.SDK.Testing\Morphir.SDK.Testing.fsproj", "{4050F491-C10B-4E83-81D0-04339C2C509E}"
EndProject
Project("{F2A71F9B-5D33-465A-A702-920D77279786}") = "Morphir.SDK.Core", "src\Morphir.SDK.Core\Morphir.SDK.Core.fsproj", "{DEC3CF84-BE4E-40B1-86EC-61BA532DF8A4}"
EndProject
Project("{F2A71F9B-5D33-465A-A702-920D77279786}") = "Morphir.SDK.Core.Tests", "tests\Morphir.SDK.Core.Tests\Morphir.SDK.Core.Tests.fsproj", "{226C49C8-6A95-4923-BD7D-6EC7F4D5385B}"
EndProject
Project("{F2A71F9B-5D33-465A-A702-920D77279786}") = "Morphir.IR", "src\Morphir.IR\Morphir.IR.fsproj", "{581F1357-EA3A-4ECD-B11E-2C03D63795E3}"
EndProject
Project("{F2A71F9B-5D33-465A-A702-920D77279786}") = "Morphir.IR.Tests", "tests\Morphir.IR.Tests\Morphir.IR.Tests.fsproj", "{52E4474E-6F5A-441C-A958-A3ECF00E4BAA}"
EndProject
Project("{FAE04EC0-301F-11D3-BF4B-00C04F79EFBC}") = "Morphir.IR.CSharp.Tests", "tests\Morphir.IR.CSharp.Tests\Morphir.IR.CSharp.Tests.csproj", "{0B75402F-C2AD-4EB7-A34B-D0C0F18E99B2}"
EndProject
Project("{FAE04EC0-301F-11D3-BF4B-00C04F79EFBC}") = "Morphir.SDK.Core.CSharp.Tests", "tests\Morphir.SDK.Core.CSharp.Tests\Morphir.SDK.Core.CSharp.Tests.csproj", "{4DB0AC86-7BCA-4638-841D-64EF6CC0AF3B}"
EndProject
Project("{F2A71F9B-5D33-465A-A702-920D77279786}") = "docsTool", "docsTool\docsTool.fsproj", "{10BF7C78-8EE6-4EE6-9A6A-35D9894A2183}"
EndProject
Project("{F2A71F9B-5D33-465A-A702-920D77279786}") = "Morphir.SpecFlow", "tests\Morphir.SpecFlow\Morphir.SpecFlow.fsproj", "{EB5FF98D-F4AF-4AC2-8284-2B7003D64CA5}"
EndProject
Project("{FAE04EC0-301F-11D3-BF4B-00C04F79EFBC}") = "Morphir.SpecFlow.Bindings", "tests\Morphir.SpecFlow.Bindings\Morphir.SpecFlow.Bindings.csproj", "{6EC86D40-4D99-4080-8B90-68668D53FBC8}"
EndProject
Project("{F2A71F9B-5D33-465A-A702-920D77279786}") = "Morphir.Bogus", "src\Morphir.Bogus\Morphir.Bogus.fsproj", "{D810A4F3-3DA0-41BE-A528-FE4AFC329502}"
EndProject
Project("{F2A71F9B-5D33-465A-A702-920D77279786}") = "Morphir.Bogus.Tests", "tests\Morphir.Bogus.Tests\Morphir.Bogus.Tests.fsproj", "{EB1AFA4E-5C74-4162-976D-4187B46DF822}"
EndProject
Project("{F2A71F9B-5D33-465A-A702-920D77279786}") = "Morphir.Elm.Tools", "src\Morphir.Elm.Tools\Morphir.Elm.Tools.fsproj", "{C9D0CBBD-AC0E-4416-B1C8-E68AD56A51B4}"
EndProject
Project("{F2A71F9B-5D33-465A-A702-920D77279786}") = "Morphir.Tools.Core", "src\Morphir.Tools.Core\Morphir.Tools.Core.fsproj", "{FC6D8E7B-9D2F-4B94-B246-7C958699FEF3}"
EndProject
Project("{F2A71F9B-5D33-465A-A702-920D77279786}") = "dotnet-morphir", "src\dotnet-morphir\dotnet-morphir.fsproj", "{80EDB069-8167-4732-BF5A-6A8245FCFFAE}"
EndProject
Global
	GlobalSection(SolutionConfigurationPlatforms) = preSolution
		Debug|Any CPU = Debug|Any CPU
		Debug|x64 = Debug|x64
		Debug|x86 = Debug|x86
		Release|Any CPU = Release|Any CPU
		Release|x64 = Release|x64
		Release|x86 = Release|x86
	EndGlobalSection
	GlobalSection(SolutionProperties) = preSolution
		HideSolutionNode = FALSE
	EndGlobalSection
	GlobalSection(ProjectConfigurationPlatforms) = postSolution
		{5D30E174-2538-47AC-8443-318C8C5DC2C9}.Debug|Any CPU.ActiveCfg = Debug|Any CPU
		{5D30E174-2538-47AC-8443-318C8C5DC2C9}.Debug|Any CPU.Build.0 = Debug|Any CPU
		{5D30E174-2538-47AC-8443-318C8C5DC2C9}.Debug|x64.ActiveCfg = Debug|x64
		{5D30E174-2538-47AC-8443-318C8C5DC2C9}.Debug|x64.Build.0 = Debug|x64
		{5D30E174-2538-47AC-8443-318C8C5DC2C9}.Debug|x86.ActiveCfg = Debug|x86
		{5D30E174-2538-47AC-8443-318C8C5DC2C9}.Debug|x86.Build.0 = Debug|x86
		{5D30E174-2538-47AC-8443-318C8C5DC2C9}.Release|Any CPU.ActiveCfg = Release|Any CPU
		{5D30E174-2538-47AC-8443-318C8C5DC2C9}.Release|Any CPU.Build.0 = Release|Any CPU
		{5D30E174-2538-47AC-8443-318C8C5DC2C9}.Release|x64.ActiveCfg = Release|x64
		{5D30E174-2538-47AC-8443-318C8C5DC2C9}.Release|x64.Build.0 = Release|x64
		{5D30E174-2538-47AC-8443-318C8C5DC2C9}.Release|x86.ActiveCfg = Release|x86
		{5D30E174-2538-47AC-8443-318C8C5DC2C9}.Release|x86.Build.0 = Release|x86
		{1CA2E092-2320-451D-A4F0-9ED7C7C528CA}.Debug|Any CPU.ActiveCfg = Debug|Any CPU
		{1CA2E092-2320-451D-A4F0-9ED7C7C528CA}.Debug|Any CPU.Build.0 = Debug|Any CPU
		{1CA2E092-2320-451D-A4F0-9ED7C7C528CA}.Debug|x64.ActiveCfg = Debug|x64
		{1CA2E092-2320-451D-A4F0-9ED7C7C528CA}.Debug|x64.Build.0 = Debug|x64
		{1CA2E092-2320-451D-A4F0-9ED7C7C528CA}.Debug|x86.ActiveCfg = Debug|x86
		{1CA2E092-2320-451D-A4F0-9ED7C7C528CA}.Debug|x86.Build.0 = Debug|x86
		{1CA2E092-2320-451D-A4F0-9ED7C7C528CA}.Release|Any CPU.ActiveCfg = Release|Any CPU
		{1CA2E092-2320-451D-A4F0-9ED7C7C528CA}.Release|Any CPU.Build.0 = Release|Any CPU
		{1CA2E092-2320-451D-A4F0-9ED7C7C528CA}.Release|x64.ActiveCfg = Release|x64
		{1CA2E092-2320-451D-A4F0-9ED7C7C528CA}.Release|x64.Build.0 = Release|x64
		{1CA2E092-2320-451D-A4F0-9ED7C7C528CA}.Release|x86.ActiveCfg = Release|x86
		{1CA2E092-2320-451D-A4F0-9ED7C7C528CA}.Release|x86.Build.0 = Release|x86
		{7C1FEB47-7157-4606-A639-B59281EDE4A0}.Debug|Any CPU.ActiveCfg = Debug|Any CPU
		{7C1FEB47-7157-4606-A639-B59281EDE4A0}.Debug|Any CPU.Build.0 = Debug|Any CPU
		{7C1FEB47-7157-4606-A639-B59281EDE4A0}.Debug|x64.ActiveCfg = Debug|Any CPU
		{7C1FEB47-7157-4606-A639-B59281EDE4A0}.Debug|x64.Build.0 = Debug|Any CPU
		{7C1FEB47-7157-4606-A639-B59281EDE4A0}.Debug|x86.ActiveCfg = Debug|Any CPU
		{7C1FEB47-7157-4606-A639-B59281EDE4A0}.Debug|x86.Build.0 = Debug|Any CPU
		{7C1FEB47-7157-4606-A639-B59281EDE4A0}.Release|Any CPU.ActiveCfg = Release|Any CPU
		{7C1FEB47-7157-4606-A639-B59281EDE4A0}.Release|Any CPU.Build.0 = Release|Any CPU
		{7C1FEB47-7157-4606-A639-B59281EDE4A0}.Release|x64.ActiveCfg = Release|Any CPU
		{7C1FEB47-7157-4606-A639-B59281EDE4A0}.Release|x64.Build.0 = Release|Any CPU
		{7C1FEB47-7157-4606-A639-B59281EDE4A0}.Release|x86.ActiveCfg = Release|Any CPU
		{7C1FEB47-7157-4606-A639-B59281EDE4A0}.Release|x86.Build.0 = Release|Any CPU
		{4050F491-C10B-4E83-81D0-04339C2C509E}.Debug|Any CPU.ActiveCfg = Debug|Any CPU
		{4050F491-C10B-4E83-81D0-04339C2C509E}.Debug|Any CPU.Build.0 = Debug|Any CPU
		{4050F491-C10B-4E83-81D0-04339C2C509E}.Debug|x64.ActiveCfg = Debug|Any CPU
		{4050F491-C10B-4E83-81D0-04339C2C509E}.Debug|x64.Build.0 = Debug|Any CPU
		{4050F491-C10B-4E83-81D0-04339C2C509E}.Debug|x86.ActiveCfg = Debug|Any CPU
		{4050F491-C10B-4E83-81D0-04339C2C509E}.Debug|x86.Build.0 = Debug|Any CPU
		{4050F491-C10B-4E83-81D0-04339C2C509E}.Release|Any CPU.ActiveCfg = Release|Any CPU
		{4050F491-C10B-4E83-81D0-04339C2C509E}.Release|Any CPU.Build.0 = Release|Any CPU
		{4050F491-C10B-4E83-81D0-04339C2C509E}.Release|x64.ActiveCfg = Release|Any CPU
		{4050F491-C10B-4E83-81D0-04339C2C509E}.Release|x64.Build.0 = Release|Any CPU
		{4050F491-C10B-4E83-81D0-04339C2C509E}.Release|x86.ActiveCfg = Release|Any CPU
		{4050F491-C10B-4E83-81D0-04339C2C509E}.Release|x86.Build.0 = Release|Any CPU
		{DEC3CF84-BE4E-40B1-86EC-61BA532DF8A4}.Debug|Any CPU.ActiveCfg = Debug|Any CPU
		{DEC3CF84-BE4E-40B1-86EC-61BA532DF8A4}.Debug|Any CPU.Build.0 = Debug|Any CPU
		{DEC3CF84-BE4E-40B1-86EC-61BA532DF8A4}.Debug|x64.ActiveCfg = Debug|Any CPU
		{DEC3CF84-BE4E-40B1-86EC-61BA532DF8A4}.Debug|x64.Build.0 = Debug|Any CPU
		{DEC3CF84-BE4E-40B1-86EC-61BA532DF8A4}.Debug|x86.ActiveCfg = Debug|Any CPU
		{DEC3CF84-BE4E-40B1-86EC-61BA532DF8A4}.Debug|x86.Build.0 = Debug|Any CPU
		{DEC3CF84-BE4E-40B1-86EC-61BA532DF8A4}.Release|Any CPU.ActiveCfg = Release|Any CPU
		{DEC3CF84-BE4E-40B1-86EC-61BA532DF8A4}.Release|Any CPU.Build.0 = Release|Any CPU
		{DEC3CF84-BE4E-40B1-86EC-61BA532DF8A4}.Release|x64.ActiveCfg = Release|Any CPU
		{DEC3CF84-BE4E-40B1-86EC-61BA532DF8A4}.Release|x64.Build.0 = Release|Any CPU
		{DEC3CF84-BE4E-40B1-86EC-61BA532DF8A4}.Release|x86.ActiveCfg = Release|Any CPU
		{DEC3CF84-BE4E-40B1-86EC-61BA532DF8A4}.Release|x86.Build.0 = Release|Any CPU
		{226C49C8-6A95-4923-BD7D-6EC7F4D5385B}.Debug|Any CPU.ActiveCfg = Debug|Any CPU
		{226C49C8-6A95-4923-BD7D-6EC7F4D5385B}.Debug|Any CPU.Build.0 = Debug|Any CPU
		{226C49C8-6A95-4923-BD7D-6EC7F4D5385B}.Debug|x64.ActiveCfg = Debug|Any CPU
		{226C49C8-6A95-4923-BD7D-6EC7F4D5385B}.Debug|x64.Build.0 = Debug|Any CPU
		{226C49C8-6A95-4923-BD7D-6EC7F4D5385B}.Debug|x86.ActiveCfg = Debug|Any CPU
		{226C49C8-6A95-4923-BD7D-6EC7F4D5385B}.Debug|x86.Build.0 = Debug|Any CPU
		{226C49C8-6A95-4923-BD7D-6EC7F4D5385B}.Release|Any CPU.ActiveCfg = Release|Any CPU
		{226C49C8-6A95-4923-BD7D-6EC7F4D5385B}.Release|Any CPU.Build.0 = Release|Any CPU
		{226C49C8-6A95-4923-BD7D-6EC7F4D5385B}.Release|x64.ActiveCfg = Release|Any CPU
		{226C49C8-6A95-4923-BD7D-6EC7F4D5385B}.Release|x64.Build.0 = Release|Any CPU
		{226C49C8-6A95-4923-BD7D-6EC7F4D5385B}.Release|x86.ActiveCfg = Release|Any CPU
		{226C49C8-6A95-4923-BD7D-6EC7F4D5385B}.Release|x86.Build.0 = Release|Any CPU
		{581F1357-EA3A-4ECD-B11E-2C03D63795E3}.Debug|Any CPU.ActiveCfg = Debug|Any CPU
		{581F1357-EA3A-4ECD-B11E-2C03D63795E3}.Debug|Any CPU.Build.0 = Debug|Any CPU
		{581F1357-EA3A-4ECD-B11E-2C03D63795E3}.Debug|x64.ActiveCfg = Debug|Any CPU
		{581F1357-EA3A-4ECD-B11E-2C03D63795E3}.Debug|x64.Build.0 = Debug|Any CPU
		{581F1357-EA3A-4ECD-B11E-2C03D63795E3}.Debug|x86.ActiveCfg = Debug|Any CPU
		{581F1357-EA3A-4ECD-B11E-2C03D63795E3}.Debug|x86.Build.0 = Debug|Any CPU
		{581F1357-EA3A-4ECD-B11E-2C03D63795E3}.Release|Any CPU.ActiveCfg = Release|Any CPU
		{581F1357-EA3A-4ECD-B11E-2C03D63795E3}.Release|Any CPU.Build.0 = Release|Any CPU
		{581F1357-EA3A-4ECD-B11E-2C03D63795E3}.Release|x64.ActiveCfg = Release|Any CPU
		{581F1357-EA3A-4ECD-B11E-2C03D63795E3}.Release|x64.Build.0 = Release|Any CPU
		{581F1357-EA3A-4ECD-B11E-2C03D63795E3}.Release|x86.ActiveCfg = Release|Any CPU
		{581F1357-EA3A-4ECD-B11E-2C03D63795E3}.Release|x86.Build.0 = Release|Any CPU
		{52E4474E-6F5A-441C-A958-A3ECF00E4BAA}.Debug|Any CPU.ActiveCfg = Debug|Any CPU
		{52E4474E-6F5A-441C-A958-A3ECF00E4BAA}.Debug|Any CPU.Build.0 = Debug|Any CPU
		{52E4474E-6F5A-441C-A958-A3ECF00E4BAA}.Debug|x64.ActiveCfg = Debug|Any CPU
		{52E4474E-6F5A-441C-A958-A3ECF00E4BAA}.Debug|x64.Build.0 = Debug|Any CPU
		{52E4474E-6F5A-441C-A958-A3ECF00E4BAA}.Debug|x86.ActiveCfg = Debug|Any CPU
		{52E4474E-6F5A-441C-A958-A3ECF00E4BAA}.Debug|x86.Build.0 = Debug|Any CPU
		{52E4474E-6F5A-441C-A958-A3ECF00E4BAA}.Release|Any CPU.ActiveCfg = Release|Any CPU
		{52E4474E-6F5A-441C-A958-A3ECF00E4BAA}.Release|Any CPU.Build.0 = Release|Any CPU
		{52E4474E-6F5A-441C-A958-A3ECF00E4BAA}.Release|x64.ActiveCfg = Release|Any CPU
		{52E4474E-6F5A-441C-A958-A3ECF00E4BAA}.Release|x64.Build.0 = Release|Any CPU
		{52E4474E-6F5A-441C-A958-A3ECF00E4BAA}.Release|x86.ActiveCfg = Release|Any CPU
		{52E4474E-6F5A-441C-A958-A3ECF00E4BAA}.Release|x86.Build.0 = Release|Any CPU
		{0B75402F-C2AD-4EB7-A34B-D0C0F18E99B2}.Debug|Any CPU.ActiveCfg = Debug|Any CPU
		{0B75402F-C2AD-4EB7-A34B-D0C0F18E99B2}.Debug|Any CPU.Build.0 = Debug|Any CPU
		{0B75402F-C2AD-4EB7-A34B-D0C0F18E99B2}.Debug|x64.ActiveCfg = Debug|Any CPU
		{0B75402F-C2AD-4EB7-A34B-D0C0F18E99B2}.Debug|x64.Build.0 = Debug|Any CPU
		{0B75402F-C2AD-4EB7-A34B-D0C0F18E99B2}.Debug|x86.ActiveCfg = Debug|Any CPU
		{0B75402F-C2AD-4EB7-A34B-D0C0F18E99B2}.Debug|x86.Build.0 = Debug|Any CPU
		{0B75402F-C2AD-4EB7-A34B-D0C0F18E99B2}.Release|Any CPU.ActiveCfg = Release|Any CPU
		{0B75402F-C2AD-4EB7-A34B-D0C0F18E99B2}.Release|Any CPU.Build.0 = Release|Any CPU
		{0B75402F-C2AD-4EB7-A34B-D0C0F18E99B2}.Release|x64.ActiveCfg = Release|Any CPU
		{0B75402F-C2AD-4EB7-A34B-D0C0F18E99B2}.Release|x64.Build.0 = Release|Any CPU
		{0B75402F-C2AD-4EB7-A34B-D0C0F18E99B2}.Release|x86.ActiveCfg = Release|Any CPU
		{0B75402F-C2AD-4EB7-A34B-D0C0F18E99B2}.Release|x86.Build.0 = Release|Any CPU
		{4DB0AC86-7BCA-4638-841D-64EF6CC0AF3B}.Debug|Any CPU.ActiveCfg = Debug|Any CPU
		{4DB0AC86-7BCA-4638-841D-64EF6CC0AF3B}.Debug|Any CPU.Build.0 = Debug|Any CPU
		{4DB0AC86-7BCA-4638-841D-64EF6CC0AF3B}.Debug|x64.ActiveCfg = Debug|Any CPU
		{4DB0AC86-7BCA-4638-841D-64EF6CC0AF3B}.Debug|x64.Build.0 = Debug|Any CPU
		{4DB0AC86-7BCA-4638-841D-64EF6CC0AF3B}.Debug|x86.ActiveCfg = Debug|Any CPU
		{4DB0AC86-7BCA-4638-841D-64EF6CC0AF3B}.Debug|x86.Build.0 = Debug|Any CPU
		{4DB0AC86-7BCA-4638-841D-64EF6CC0AF3B}.Release|Any CPU.ActiveCfg = Release|Any CPU
		{4DB0AC86-7BCA-4638-841D-64EF6CC0AF3B}.Release|Any CPU.Build.0 = Release|Any CPU
		{4DB0AC86-7BCA-4638-841D-64EF6CC0AF3B}.Release|x64.ActiveCfg = Release|Any CPU
		{4DB0AC86-7BCA-4638-841D-64EF6CC0AF3B}.Release|x64.Build.0 = Release|Any CPU
		{4DB0AC86-7BCA-4638-841D-64EF6CC0AF3B}.Release|x86.ActiveCfg = Release|Any CPU
		{4DB0AC86-7BCA-4638-841D-64EF6CC0AF3B}.Release|x86.Build.0 = Release|Any CPU
		{10BF7C78-8EE6-4EE6-9A6A-35D9894A2183}.Debug|Any CPU.ActiveCfg = Debug|Any CPU
		{10BF7C78-8EE6-4EE6-9A6A-35D9894A2183}.Debug|Any CPU.Build.0 = Debug|Any CPU
		{10BF7C78-8EE6-4EE6-9A6A-35D9894A2183}.Debug|x64.ActiveCfg = Debug|Any CPU
		{10BF7C78-8EE6-4EE6-9A6A-35D9894A2183}.Debug|x64.Build.0 = Debug|Any CPU
		{10BF7C78-8EE6-4EE6-9A6A-35D9894A2183}.Debug|x86.ActiveCfg = Debug|Any CPU
		{10BF7C78-8EE6-4EE6-9A6A-35D9894A2183}.Debug|x86.Build.0 = Debug|Any CPU
		{10BF7C78-8EE6-4EE6-9A6A-35D9894A2183}.Release|Any CPU.ActiveCfg = Release|Any CPU
		{10BF7C78-8EE6-4EE6-9A6A-35D9894A2183}.Release|Any CPU.Build.0 = Release|Any CPU
		{10BF7C78-8EE6-4EE6-9A6A-35D9894A2183}.Release|x64.ActiveCfg = Release|Any CPU
		{10BF7C78-8EE6-4EE6-9A6A-35D9894A2183}.Release|x64.Build.0 = Release|Any CPU
		{10BF7C78-8EE6-4EE6-9A6A-35D9894A2183}.Release|x86.ActiveCfg = Release|Any CPU
		{10BF7C78-8EE6-4EE6-9A6A-35D9894A2183}.Release|x86.Build.0 = Release|Any CPU
		{EB5FF98D-F4AF-4AC2-8284-2B7003D64CA5}.Debug|Any CPU.ActiveCfg = Debug|Any CPU
		{EB5FF98D-F4AF-4AC2-8284-2B7003D64CA5}.Debug|Any CPU.Build.0 = Debug|Any CPU
		{EB5FF98D-F4AF-4AC2-8284-2B7003D64CA5}.Debug|x64.ActiveCfg = Debug|Any CPU
		{EB5FF98D-F4AF-4AC2-8284-2B7003D64CA5}.Debug|x64.Build.0 = Debug|Any CPU
		{EB5FF98D-F4AF-4AC2-8284-2B7003D64CA5}.Debug|x86.ActiveCfg = Debug|Any CPU
		{EB5FF98D-F4AF-4AC2-8284-2B7003D64CA5}.Debug|x86.Build.0 = Debug|Any CPU
		{EB5FF98D-F4AF-4AC2-8284-2B7003D64CA5}.Release|Any CPU.ActiveCfg = Release|Any CPU
		{EB5FF98D-F4AF-4AC2-8284-2B7003D64CA5}.Release|Any CPU.Build.0 = Release|Any CPU
		{EB5FF98D-F4AF-4AC2-8284-2B7003D64CA5}.Release|x64.ActiveCfg = Release|Any CPU
		{EB5FF98D-F4AF-4AC2-8284-2B7003D64CA5}.Release|x64.Build.0 = Release|Any CPU
		{EB5FF98D-F4AF-4AC2-8284-2B7003D64CA5}.Release|x86.ActiveCfg = Release|Any CPU
		{EB5FF98D-F4AF-4AC2-8284-2B7003D64CA5}.Release|x86.Build.0 = Release|Any CPU
		{6EC86D40-4D99-4080-8B90-68668D53FBC8}.Debug|Any CPU.ActiveCfg = Debug|Any CPU
		{6EC86D40-4D99-4080-8B90-68668D53FBC8}.Debug|Any CPU.Build.0 = Debug|Any CPU
		{6EC86D40-4D99-4080-8B90-68668D53FBC8}.Debug|x64.ActiveCfg = Debug|Any CPU
		{6EC86D40-4D99-4080-8B90-68668D53FBC8}.Debug|x64.Build.0 = Debug|Any CPU
		{6EC86D40-4D99-4080-8B90-68668D53FBC8}.Debug|x86.ActiveCfg = Debug|Any CPU
		{6EC86D40-4D99-4080-8B90-68668D53FBC8}.Debug|x86.Build.0 = Debug|Any CPU
		{6EC86D40-4D99-4080-8B90-68668D53FBC8}.Release|Any CPU.ActiveCfg = Release|Any CPU
		{6EC86D40-4D99-4080-8B90-68668D53FBC8}.Release|Any CPU.Build.0 = Release|Any CPU
		{6EC86D40-4D99-4080-8B90-68668D53FBC8}.Release|x64.ActiveCfg = Release|Any CPU
		{6EC86D40-4D99-4080-8B90-68668D53FBC8}.Release|x64.Build.0 = Release|Any CPU
		{6EC86D40-4D99-4080-8B90-68668D53FBC8}.Release|x86.ActiveCfg = Release|Any CPU
		{6EC86D40-4D99-4080-8B90-68668D53FBC8}.Release|x86.Build.0 = Release|Any CPU
		{D810A4F3-3DA0-41BE-A528-FE4AFC329502}.Debug|Any CPU.ActiveCfg = Debug|Any CPU
		{D810A4F3-3DA0-41BE-A528-FE4AFC329502}.Debug|Any CPU.Build.0 = Debug|Any CPU
		{D810A4F3-3DA0-41BE-A528-FE4AFC329502}.Debug|x64.ActiveCfg = Debug|Any CPU
		{D810A4F3-3DA0-41BE-A528-FE4AFC329502}.Debug|x64.Build.0 = Debug|Any CPU
		{D810A4F3-3DA0-41BE-A528-FE4AFC329502}.Debug|x86.ActiveCfg = Debug|Any CPU
		{D810A4F3-3DA0-41BE-A528-FE4AFC329502}.Debug|x86.Build.0 = Debug|Any CPU
		{D810A4F3-3DA0-41BE-A528-FE4AFC329502}.Release|Any CPU.ActiveCfg = Release|Any CPU
		{D810A4F3-3DA0-41BE-A528-FE4AFC329502}.Release|Any CPU.Build.0 = Release|Any CPU
		{D810A4F3-3DA0-41BE-A528-FE4AFC329502}.Release|x64.ActiveCfg = Release|Any CPU
		{D810A4F3-3DA0-41BE-A528-FE4AFC329502}.Release|x64.Build.0 = Release|Any CPU
		{D810A4F3-3DA0-41BE-A528-FE4AFC329502}.Release|x86.ActiveCfg = Release|Any CPU
		{D810A4F3-3DA0-41BE-A528-FE4AFC329502}.Release|x86.Build.0 = Release|Any CPU
		{EB1AFA4E-5C74-4162-976D-4187B46DF822}.Debug|Any CPU.ActiveCfg = Debug|Any CPU
		{EB1AFA4E-5C74-4162-976D-4187B46DF822}.Debug|Any CPU.Build.0 = Debug|Any CPU
		{EB1AFA4E-5C74-4162-976D-4187B46DF822}.Debug|x64.ActiveCfg = Debug|Any CPU
		{EB1AFA4E-5C74-4162-976D-4187B46DF822}.Debug|x64.Build.0 = Debug|Any CPU
		{EB1AFA4E-5C74-4162-976D-4187B46DF822}.Debug|x86.ActiveCfg = Debug|Any CPU
		{EB1AFA4E-5C74-4162-976D-4187B46DF822}.Debug|x86.Build.0 = Debug|Any CPU
		{EB1AFA4E-5C74-4162-976D-4187B46DF822}.Release|Any CPU.ActiveCfg = Release|Any CPU
		{EB1AFA4E-5C74-4162-976D-4187B46DF822}.Release|Any CPU.Build.0 = Release|Any CPU
		{EB1AFA4E-5C74-4162-976D-4187B46DF822}.Release|x64.ActiveCfg = Release|Any CPU
		{EB1AFA4E-5C74-4162-976D-4187B46DF822}.Release|x64.Build.0 = Release|Any CPU
		{EB1AFA4E-5C74-4162-976D-4187B46DF822}.Release|x86.ActiveCfg = Release|Any CPU
		{EB1AFA4E-5C74-4162-976D-4187B46DF822}.Release|x86.Build.0 = Release|Any CPU
		{C9D0CBBD-AC0E-4416-B1C8-E68AD56A51B4}.Debug|Any CPU.ActiveCfg = Debug|Any CPU
		{C9D0CBBD-AC0E-4416-B1C8-E68AD56A51B4}.Debug|Any CPU.Build.0 = Debug|Any CPU
		{C9D0CBBD-AC0E-4416-B1C8-E68AD56A51B4}.Debug|x64.ActiveCfg = Debug|Any CPU
		{C9D0CBBD-AC0E-4416-B1C8-E68AD56A51B4}.Debug|x64.Build.0 = Debug|Any CPU
		{C9D0CBBD-AC0E-4416-B1C8-E68AD56A51B4}.Debug|x86.ActiveCfg = Debug|Any CPU
		{C9D0CBBD-AC0E-4416-B1C8-E68AD56A51B4}.Debug|x86.Build.0 = Debug|Any CPU
		{C9D0CBBD-AC0E-4416-B1C8-E68AD56A51B4}.Release|Any CPU.ActiveCfg = Release|Any CPU
		{C9D0CBBD-AC0E-4416-B1C8-E68AD56A51B4}.Release|Any CPU.Build.0 = Release|Any CPU
		{C9D0CBBD-AC0E-4416-B1C8-E68AD56A51B4}.Release|x64.ActiveCfg = Release|Any CPU
		{C9D0CBBD-AC0E-4416-B1C8-E68AD56A51B4}.Release|x64.Build.0 = Release|Any CPU
		{C9D0CBBD-AC0E-4416-B1C8-E68AD56A51B4}.Release|x86.ActiveCfg = Release|Any CPU
		{C9D0CBBD-AC0E-4416-B1C8-E68AD56A51B4}.Release|x86.Build.0 = Release|Any CPU
		{FC6D8E7B-9D2F-4B94-B246-7C958699FEF3}.Debug|Any CPU.ActiveCfg = Debug|Any CPU
		{FC6D8E7B-9D2F-4B94-B246-7C958699FEF3}.Debug|Any CPU.Build.0 = Debug|Any CPU
		{FC6D8E7B-9D2F-4B94-B246-7C958699FEF3}.Debug|x64.ActiveCfg = Debug|Any CPU
		{FC6D8E7B-9D2F-4B94-B246-7C958699FEF3}.Debug|x64.Build.0 = Debug|Any CPU
		{FC6D8E7B-9D2F-4B94-B246-7C958699FEF3}.Debug|x86.ActiveCfg = Debug|Any CPU
		{FC6D8E7B-9D2F-4B94-B246-7C958699FEF3}.Debug|x86.Build.0 = Debug|Any CPU
		{FC6D8E7B-9D2F-4B94-B246-7C958699FEF3}.Release|Any CPU.ActiveCfg = Release|Any CPU
		{FC6D8E7B-9D2F-4B94-B246-7C958699FEF3}.Release|Any CPU.Build.0 = Release|Any CPU
		{FC6D8E7B-9D2F-4B94-B246-7C958699FEF3}.Release|x64.ActiveCfg = Release|Any CPU
		{FC6D8E7B-9D2F-4B94-B246-7C958699FEF3}.Release|x64.Build.0 = Release|Any CPU
		{FC6D8E7B-9D2F-4B94-B246-7C958699FEF3}.Release|x86.ActiveCfg = Release|Any CPU
		{FC6D8E7B-9D2F-4B94-B246-7C958699FEF3}.Release|x86.Build.0 = Release|Any CPU
		{80EDB069-8167-4732-BF5A-6A8245FCFFAE}.Debug|Any CPU.ActiveCfg = Debug|Any CPU
		{80EDB069-8167-4732-BF5A-6A8245FCFFAE}.Debug|Any CPU.Build.0 = Debug|Any CPU
		{80EDB069-8167-4732-BF5A-6A8245FCFFAE}.Debug|x64.ActiveCfg = Debug|Any CPU
		{80EDB069-8167-4732-BF5A-6A8245FCFFAE}.Debug|x64.Build.0 = Debug|Any CPU
		{80EDB069-8167-4732-BF5A-6A8245FCFFAE}.Debug|x86.ActiveCfg = Debug|Any CPU
		{80EDB069-8167-4732-BF5A-6A8245FCFFAE}.Debug|x86.Build.0 = Debug|Any CPU
		{80EDB069-8167-4732-BF5A-6A8245FCFFAE}.Release|Any CPU.ActiveCfg = Release|Any CPU
		{80EDB069-8167-4732-BF5A-6A8245FCFFAE}.Release|Any CPU.Build.0 = Release|Any CPU
		{80EDB069-8167-4732-BF5A-6A8245FCFFAE}.Release|x64.ActiveCfg = Release|Any CPU
		{80EDB069-8167-4732-BF5A-6A8245FCFFAE}.Release|x64.Build.0 = Release|Any CPU
		{80EDB069-8167-4732-BF5A-6A8245FCFFAE}.Release|x86.ActiveCfg = Release|Any CPU
		{80EDB069-8167-4732-BF5A-6A8245FCFFAE}.Release|x86.Build.0 = Release|Any CPU
	EndGlobalSection
	GlobalSection(NestedProjects) = preSolution
		{5D30E174-2538-47AC-8443-318C8C5DC2C9} = {C397A34C-84F1-49E7-AEBC-2F9F2B196216}
		{1CA2E092-2320-451D-A4F0-9ED7C7C528CA} = {ACBEE43C-7A88-4FB1-9B06-DB064D22B29F}
		{4050F491-C10B-4E83-81D0-04339C2C509E} = {C397A34C-84F1-49E7-AEBC-2F9F2B196216}
		{DEC3CF84-BE4E-40B1-86EC-61BA532DF8A4} = {C397A34C-84F1-49E7-AEBC-2F9F2B196216}
		{226C49C8-6A95-4923-BD7D-6EC7F4D5385B} = {ACBEE43C-7A88-4FB1-9B06-DB064D22B29F}
		{581F1357-EA3A-4ECD-B11E-2C03D63795E3} = {C397A34C-84F1-49E7-AEBC-2F9F2B196216}
		{52E4474E-6F5A-441C-A958-A3ECF00E4BAA} = {ACBEE43C-7A88-4FB1-9B06-DB064D22B29F}
		{0B75402F-C2AD-4EB7-A34B-D0C0F18E99B2} = {ACBEE43C-7A88-4FB1-9B06-DB064D22B29F}
		{4DB0AC86-7BCA-4638-841D-64EF6CC0AF3B} = {ACBEE43C-7A88-4FB1-9B06-DB064D22B29F}
		{EB5FF98D-F4AF-4AC2-8284-2B7003D64CA5} = {ACBEE43C-7A88-4FB1-9B06-DB064D22B29F}
		{6EC86D40-4D99-4080-8B90-68668D53FBC8} = {ACBEE43C-7A88-4FB1-9B06-DB064D22B29F}
		{D810A4F3-3DA0-41BE-A528-FE4AFC329502} = {C397A34C-84F1-49E7-AEBC-2F9F2B196216}
		{EB1AFA4E-5C74-4162-976D-4187B46DF822} = {ACBEE43C-7A88-4FB1-9B06-DB064D22B29F}
		{C9D0CBBD-AC0E-4416-B1C8-E68AD56A51B4} = {C397A34C-84F1-49E7-AEBC-2F9F2B196216}
		{FC6D8E7B-9D2F-4B94-B246-7C958699FEF3} = {C397A34C-84F1-49E7-AEBC-2F9F2B196216}
		{80EDB069-8167-4732-BF5A-6A8245FCFFAE} = {C397A34C-84F1-49E7-AEBC-2F9F2B196216}
	EndGlobalSection
EndGlobal
