{
  "version": 2,
  "dependencies": {
    "net10.0": {
      "coverlet.collector": {
        "type": "Direct",
        "requested": "[6.0.4, )",
        "resolved": "6.0.4",
        "contentHash": "lkhqpF8Pu2Y7IiN7OntbsTtdbpR1syMsm2F3IgX6ootA4ffRqWL5jF7XipHuZQTdVuWG/gVAAcf8mjk8Tz0xPg=="
      },
      "FluentAssertions": {
        "type": "Direct",
        "requested": "[8.8.0, )",
        "resolved": "8.8.0",
        "contentHash": "m0kwcqBwvVel03FuMa7Ozo/oTaxYbjeNlcOhQFkyQpwX/8wks6RNl/Jnn58DCZVs6c2oG1RsCZw7HfKSaxLm3w=="
      },
      "Reqnroll": {
        "type": "Direct",
        "requested": "[3.2.1, )",
        "resolved": "3.2.1",
        "contentHash": "/3bUO7Yt61sk3yNEVl4gDwbI6r3489lqPX9WC63u5bTaK7X6rhO0v3nL1xUvyYk9b7PtqBRpzKopDnEcglf0Vw==",
        "dependencies": {
          "Cucumber.CucumberExpressions": "17.1.0",
          "Cucumber.HtmlFormatter": "21.15.1",
          "Cucumber.Messages": "29.0.1",
          "Gherkin": "35.0.0",
          "Microsoft.Bcl.AsyncInterfaces": "9.0.6",
          "Microsoft.Extensions.DependencyModel": "8.0.2"
        }
      },
      "Reqnroll.TUnit": {
        "type": "Direct",
        "requested": "[3.2.1, )",
        "resolved": "3.2.1",
        "contentHash": "r1X0gyZ4ftwztqxJXexwBMRX4gz1++2ofHbnZujLlvPzv4oxIbUkO2bS50perVkLcySyX5KE+PPOvyJ/iuHO5Q==",
        "dependencies": {
          "Reqnroll": "[3.2.1]",
          "Reqnroll.Tools.MsBuild.Generation": "[3.2.1]",
          "TUnit.Core": "0.55.23"
        }
      },
      "TUnit": {
        "type": "Direct",
        "requested": "[1.5.60, )",
        "resolved": "1.5.60",
        "contentHash": "w+MX43KMJaHhO18PHmf7oTUz50Q97ZMCLT4/9D/QcvR4elqBSoy5rhDyQqf6i7+cmR7osLQqMkB1qRJYr6k5OQ==",
        "dependencies": {
          "Microsoft.Testing.Extensions.CodeCoverage": "18.1.0",
          "Microsoft.Testing.Extensions.TrxReport": "2.0.2",
          "TUnit.Assertions": "1.5.60",
          "TUnit.Engine": "1.5.60"
        }
      },
      "Cucumber.CucumberExpressions": {
        "type": "Transitive",
        "resolved": "17.1.0",
        "contentHash": "IZFDLLwrUCKuGDXQzmAWZa+kQFpVmVwWD8wEl0UWGOR83UQfzqg8hZeSSNUOXlW0Kh3vMO6kEm3FpNC4amKMaw=="
      },
      "Cucumber.HtmlFormatter": {
        "type": "Transitive",
        "resolved": "21.15.1",
        "contentHash": "At28t7VZsS8ccscrD0zjUpp02QeRz2MrBLvpSzO4eL6OD76HoPdCSN4aNyg3q5RD+t21uYpIQq0N2XR6J0MB0A==",
        "dependencies": {
          "Cucumber.Messages": "29.0.1"
        }
      },
      "Cucumber.Messages": {
        "type": "Transitive",
        "resolved": "29.0.1",
        "contentHash": "R2oo/wR3mXrbdK04Yraf+KhB01f/lyBkLQZcdxYt9XKE6tV+Af45MEk+jfbsew1SVvrAO0WvkIRwGYUozKCJvQ=="
      },
      "EnumerableAsyncProcessor": {
        "type": "Transitive",
        "resolved": "3.8.4",
        "contentHash": "KlbpupRCz3Kf+P7gsiDvFXJ980i/9lfihMZFmmxIk0Gf6mopEjy74OTJZmdaKDQpE29eQDBnMZB5khyW3eugrg=="
      },
      "Gherkin": {
        "type": "Transitive",
        "resolved": "35.0.0",
        "contentHash": "ha+QNevQsXEESbzazUceHTCtKOjoBTBa8kLFdKpu6vSEbb3UMt3a55RG78tIoU/C4qzIqX3jQxaIdIcYGO+IWQ==",
        "dependencies": {
          "Cucumber.Messages": "29.0.1"
        }
      },
      "Microsoft.Bcl.AsyncInterfaces": {
        "type": "Transitive",
        "resolved": "9.0.6",
        "contentHash": "82rLw487j5jBXEi2r3WvA/cagOhcRREVRtet6izzjDMY+i392W5oNSN2KCtuIvlTpyMONEUD0MIlGAgDdsvQ/w=="
      },
      "Microsoft.DiaSymReader": {
        "type": "Transitive",
        "resolved": "2.0.0",
        "contentHash": "QcZrCETsBJqy/vQpFtJc+jSXQ0K5sucQ6NUFbTNVHD4vfZZOwjZ/3sBzczkC4DityhD3AVO/+K/+9ioLs1AgRA=="
      },
      "Microsoft.Extensions.DependencyModel": {
        "type": "Transitive",
        "resolved": "8.0.2",
        "contentHash": "mUBDZZRgZrSyFOsJ2qJJ9fXfqd/kXJwf3AiDoqLD9m6TjY5OO/vLNOb9fb4juC0487eq4hcGN/M2Rh/CKS7QYw=="
      },
      "Microsoft.Testing.Extensions.TrxReport": {
        "type": "Transitive",
        "resolved": "2.0.2",
        "contentHash": "6Tz2wZTNH/3hiskarOM5X9JaHV0QpIdIvEiLv6BJeJvtPS6AY+S47rg4K+czGSjQTkIgu5kT9SgZOwbfdhDD9Q==",
        "dependencies": {
          "Microsoft.Testing.Extensions.TrxReport.Abstractions": "2.0.2",
          "Microsoft.Testing.Platform": "2.0.2"
        }
      },
      "Microsoft.Testing.Extensions.TrxReport.Abstractions": {
        "type": "Transitive",
        "resolved": "2.0.2",
        "contentHash": "MrHYdPZ1CiyYp5bfjzNSghfVwl/I9osMazcZMAbwZY0BhR32i70YLf4zSXECvU2qt2PvDdrjYpGRgBscFbjDpw==",
        "dependencies": {
          "Microsoft.Testing.Platform": "2.0.2"
        }
      },
      "Microsoft.Testing.Platform": {
        "type": "Transitive",
        "resolved": "2.0.2",
        "contentHash": "43NCOTEENtdc9fmlzX9KHQR14AZEYek5r4jOJlWPhTyV1+aYAQYl4x773nYXU5TKxV6+rMuniJ7wcj9C9qrP1A=="
      },
      "Microsoft.Testing.Platform.MSBuild": {
        "type": "Transitive",
        "resolved": "2.0.2",
        "contentHash": "2zKkQKaUoaKgb/3AekboWOdLMh4upCo1nLWQnjGzp8r9YjiNOZRrzTsJQ3A4U03AcbH0evlIvFDKYSUqmTVuug==",
        "dependencies": {
          "Microsoft.Testing.Platform": "2.0.2"
        }
      },
      "Reqnroll.Tools.MsBuild.Generation": {
        "type": "Transitive",
        "resolved": "3.2.1",
        "contentHash": "u7bhTmXpQXSB594JJ/+ybOBMzB9APkz4uYUFFN52xhdB9hDVWwQ5uII6SHLkZ8mLQkW+8W7Mgxcz6cMcwY4ZyA=="
      },
      "TUnit.Assertions": {
        "type": "Transitive",
        "resolved": "1.5.60",
        "contentHash": "HqdugPVUuHQ0IZSDFzpXs9SVCCVTJpUwxpHPOUgvPkTAnvBqs91M52PH4KqXiUt+lC3R+thBCqjbBOntXmnOvQ=="
      },
      "TUnit.Core": {
        "type": "Transitive",
        "resolved": "1.5.60",
        "contentHash": "HoRC0Cmk8enJHXA1iYz3qyAXpvZyY9yp5o54QgiNpRCE3dABuo9WJWcIM6NOYTcoW9CY0bQ1jtT0PiF807hGRA=="
      },
      "TUnit.Engine": {
        "type": "Transitive",
        "resolved": "1.5.60",
        "contentHash": "GtnVNlaPA9EPpoaRl4LiXVwpWIQKuFpACGvPEXCWVDzBEXwAp1lg9hCe8603CnrzTWXP1ndooXCiTihsigvJMA==",
        "dependencies": {
          "EnumerableAsyncProcessor": "3.8.4",
          "Microsoft.Testing.Extensions.TrxReport.Abstractions": "2.0.2",
          "Microsoft.Testing.Platform": "2.0.2",
          "Microsoft.Testing.Platform.MSBuild": "2.0.2",
          "TUnit.Core": "1.5.60"
        }
      },
      "Microsoft.Testing.Extensions.CodeCoverage": {
        "type": "CentralTransitive",
        "requested": "[18.1.0, )",
        "resolved": "18.1.0",
        "contentHash": "FJUCocHSPSjbeoGE/OojOhVUXwDng3VdNlwqzif9hMS2eFcG0f8RdjLM537aBsjP7zLHvGnWXbnUnc61v/EFCA==",
        "dependencies": {
          "Microsoft.DiaSymReader": "2.0.0",
          "Microsoft.Extensions.DependencyModel": "6.0.2",
          "Microsoft.Testing.Platform": "2.0.0"
        }
      }
    }
  }
}