{
  "version": 2,
  "dependencies": {
    "net10.0": {
      "coverlet.collector": {
        "type": "Direct",
        "requested": "[6.0.4, )",
        "resolved": "6.0.4",
        "contentHash": "lkhqpF8Pu2Y7IiN7OntbsTtdbpR1syMsm2F3IgX6ootA4ffRqWL5jF7XipHuZQTdVuWG/gVAAcf8mjk8Tz0xPg=="
      },
      "FluentAssertions": {
        "type": "Direct",
        "requested": "[8.8.0, )",
        "resolved": "8.8.0",
        "contentHash": "m0kwcqBwvVel03FuMa7Ozo/oTaxYbjeNlcOhQFkyQpwX/8wks6RNl/Jnn58DCZVs6c2oG1RsCZw7HfKSaxLm3w=="
      },
      "TUnit": {
        "type": "Direct",
        "requested": "[1.5.70, )",
        "resolved": "1.5.70",
        "contentHash": "8hrFKrZDS1PtVarY2i8NDots0aZ0g125MdKtvg1VeH9V4sZFVeCEYRtzyAeDMmpkYokTQ7uSK8XHYiynmcW4JQ==",
        "dependencies": {
          "Microsoft.Testing.Extensions.CodeCoverage": "18.1.0",
          "Microsoft.Testing.Extensions.TrxReport": "2.0.2",
          "TUnit.Assertions": "1.5.70",
          "TUnit.Engine": "1.5.70"
        }
      },
      "EnumerableAsyncProcessor": {
        "type": "Transitive",
        "resolved": "3.8.4",
        "contentHash": "KlbpupRCz3Kf+P7gsiDvFXJ980i/9lfihMZFmmxIk0Gf6mopEjy74OTJZmdaKDQpE29eQDBnMZB5khyW3eugrg=="
      },
      "Microsoft.DiaSymReader": {
        "type": "Transitive",
        "resolved": "2.0.0",
        "contentHash": "QcZrCETsBJqy/vQpFtJc+jSXQ0K5sucQ6NUFbTNVHD4vfZZOwjZ/3sBzczkC4DityhD3AVO/+K/+9ioLs1AgRA=="
      },
      "Microsoft.Extensions.DependencyModel": {
        "type": "Transitive",
        "resolved": "6.0.2",
        "contentHash": "HS5YsudCGSVoCVdsYJ5FAO9vx0z04qSAXgVzpDJSQ1/w/X9q8hrQVGU2p+Yfui+2KcXLL+Zjc0SX3yJWtBmYiw=="
      },
      "Microsoft.Testing.Extensions.TrxReport": {
        "type": "Transitive",
        "resolved": "2.0.2",
        "contentHash": "6Tz2wZTNH/3hiskarOM5X9JaHV0QpIdIvEiLv6BJeJvtPS6AY+S47rg4K+czGSjQTkIgu5kT9SgZOwbfdhDD9Q==",
        "dependencies": {
          "Microsoft.Testing.Extensions.TrxReport.Abstractions": "2.0.2",
          "Microsoft.Testing.Platform": "2.0.2"
        }
      },
      "Microsoft.Testing.Extensions.TrxReport.Abstractions": {
        "type": "Transitive",
        "resolved": "2.0.2",
        "contentHash": "MrHYdPZ1CiyYp5bfjzNSghfVwl/I9osMazcZMAbwZY0BhR32i70YLf4zSXECvU2qt2PvDdrjYpGRgBscFbjDpw==",
        "dependencies": {
          "Microsoft.Testing.Platform": "2.0.2"
        }
      },
      "Microsoft.Testing.Platform": {
        "type": "Transitive",
        "resolved": "2.0.2",
        "contentHash": "43NCOTEENtdc9fmlzX9KHQR14AZEYek5r4jOJlWPhTyV1+aYAQYl4x773nYXU5TKxV6+rMuniJ7wcj9C9qrP1A=="
      },
      "Microsoft.Testing.Platform.MSBuild": {
        "type": "Transitive",
        "resolved": "2.0.2",
        "contentHash": "2zKkQKaUoaKgb/3AekboWOdLMh4upCo1nLWQnjGzp8r9YjiNOZRrzTsJQ3A4U03AcbH0evlIvFDKYSUqmTVuug==",
        "dependencies": {
          "Microsoft.Testing.Platform": "2.0.2"
        }
      },
      "TUnit.Assertions": {
        "type": "Transitive",
        "resolved": "1.5.70",
        "contentHash": "Y50zqbXrSbLA8Y58d57r8uV+1/10+vYH7fzXW1PHqsOpPqO2GjAGq2EfpnApPPbN8p7ATwmFuX/qE46xRLMFHQ=="
      },
      "TUnit.Core": {
        "type": "Transitive",
        "resolved": "1.5.70",
        "contentHash": "Bix7TCa2XLbGwu96uw2jBFhKEAxYgERWsjnuM9CqLFxGb0YPGVI3jdZmi/T6qpg1eAdZKKGFygT30m79y9urSg=="
      },
      "TUnit.Engine": {
        "type": "Transitive",
        "resolved": "1.5.70",
        "contentHash": "hLxJ/DD12hkPykIVbgaDYMxVZyzWZHfOmnnYMqg4iAm/LAR3NrBjfkGLIpzyKztea9/WsIXjXfYZA5V7SY/Mjg==",
        "dependencies": {
          "EnumerableAsyncProcessor": "3.8.4",
          "Microsoft.Testing.Extensions.TrxReport.Abstractions": "2.0.2",
          "Microsoft.Testing.Platform": "2.0.2",
          "Microsoft.Testing.Platform.MSBuild": "2.0.2",
          "TUnit.Core": "1.5.70"
        }
      },
      "Microsoft.Testing.Extensions.CodeCoverage": {
        "type": "CentralTransitive",
        "requested": "[18.1.0, )",
        "resolved": "18.1.0",
        "contentHash": "FJUCocHSPSjbeoGE/OojOhVUXwDng3VdNlwqzif9hMS2eFcG0f8RdjLM537aBsjP7zLHvGnWXbnUnc61v/EFCA==",
        "dependencies": {
          "Microsoft.DiaSymReader": "2.0.0",
          "Microsoft.Extensions.DependencyModel": "6.0.2",
          "Microsoft.Testing.Platform": "2.0.0"
        }
      }
    }
  }
}