{
  "version": 2,
  "dependencies": {
    ".NETFramework,Version=v4.7.2": {
      "Microsoft.NETFramework.ReferenceAssemblies": {
        "type": "Direct",
        "requested": "[1.0.2, )",
        "resolved": "1.0.2",
        "contentHash": "5/cSEVld+px/CuRrbohO/djfg6++eR6zGpy88MgqloXvkj//WXWpFZyu/OpkXPN0u5m+dN/EVwLNYFUxD4h2+A==",
        "dependencies": {
          "Microsoft.NETFramework.ReferenceAssemblies.net472": "1.0.2"
        }
      },
      "Microsoft.NETFramework.ReferenceAssemblies.net472": {
        "type": "Transitive",
        "resolved": "1.0.2",
        "contentHash": "ryAuwkvjMC9xYQ0VXsG7ZBo62y5tBmYaCnovOL5IXfnQPQqjvJGRkLMDyUx+dnCb96UVLJv83R6XK+sRnDnaZg=="
      }
    },
    "net6.0": {}
  }
}