{
  "version": 2,
  "dependencies": {
    "net10.0": {
      "Expecto": {
        "type": "Direct",
        "requested": "[10.2.3, )",
        "resolved": "10.2.3",
        "contentHash": "mwGOvtkKfMwakKeONwWYy5RgnO7Ijx/THt50GHh8mkSPySVOW/BsOppHzNwby45uaO6X0IKpqS76BrlYgOqcIg==",
        "dependencies": {
          "FSharp.Core": "7.0.200",
          "Mono.Cecil": "[0.11.4, 1.0.0)"
        }
      },
      "Expecto.FsCheck": {
        "type": "Direct",
        "requested": "[10.2.3, )",
        "resolved": "10.2.3",
        "contentHash": "97ZwoxLIvxyG0fU806nvFbW2uMQFTqi2wpCfPfKasySfIpdf41zERtRiUSZtp1q8fY3uK9mN42dmJsUcL2IrcA==",
        "dependencies": {
          "Expecto": "10.2.3",
          "FsCheck": "[2.16.5, 3.0.0)"
        }
      },
      "FSharp.Core": {
        "type": "Direct",
        "requested": "[10.0.103, )",
        "resolved": "10.0.103",
        "contentHash": "GfQInb74eDh9JZ8wx4+t/lOrH1uRqZvneuViVJ8CwbQwmtyyZoeGuzRayL01MNAsm8B6eRenWwJThu01EFPeKg=="
      },
      "Microsoft.NET.Test.Sdk": {
        "type": "Direct",
        "requested": "[18.0.1, )",
        "resolved": "18.0.1",
        "contentHash": "WNpu6vI2rA0pXY4r7NKxCN16XRWl5uHu6qjuyVLoDo6oYEggIQefrMjkRuibQHm/NslIUNCcKftvoWAN80MSAg==",
        "dependencies": {
          "Microsoft.CodeCoverage": "18.0.1",
          "Microsoft.TestPlatform.TestHost": "18.0.1"
        }
      },
      "System.Text.Json": {
        "type": "Direct",
        "requested": "[9.0.13, )",
        "resolved": "9.0.13",
        "contentHash": "+CbJTUwj4bG0zqxTDVFaetNCgcpg3WvszGdxAi6+TDgcHtpsM5iqWn4TN8DdbFM/WM4RmrHKDOxzfqg4zODLYQ=="
      },
      "Verify.Expecto": {
        "type": "Direct",
        "requested": "[31.12.4, )",
        "resolved": "31.12.4",
        "contentHash": "9frkVGKY5+tsQxcUUwD6Li/f+Opq59SHbUvq5orhhXMPYFKdVIAjWYiK0FUu+uYh3abAu9ar9u0cvHKExeFjjw==",
        "dependencies": {
          "Argon": "0.33.5",
          "DiffEngine": "18.4.1",
          "Expecto": "10.2.3",
          "FSharp.Core": "10.0.102",
          "SimpleInfoName": "3.2.0",
          "Verify": "31.12.4"
        }
      },
      "Argon": {
        "type": "Transitive",
        "resolved": "0.33.5",
        "contentHash": "J6821zxO+EqMzO9C/V5uiWc2eBGyzN7Z8Z0xq3Q1/e6IxYcHDA32OgiZX5/7/f8rVPQQa7aYtm6f0UfnrgKNBg=="
      },
      "DiffEngine": {
        "type": "Transitive",
        "resolved": "18.4.1",
        "contentHash": "9/E4N4auQW4iOKPxP6MpGihpuw0uaxfiLLJfraKrqv02cG2LzVx3ocFwIss70mQFwAolrq58zv5NHwMaqT3+3A==",
        "dependencies": {
          "EmptyFiles": "8.17.2"
        }
      },
      "EmptyFiles": {
        "type": "Transitive",
        "resolved": "8.17.2",
        "contentHash": "2oyDVmM/DU3g0h2kqcV05zjOUfo9AdwPoduIGh0LZL6nXqSN4qhZna2M/aJoYiQrmIznJ52wxYCmxDnWaRZ1JQ=="
      },
      "FsCheck": {
        "type": "Transitive",
        "resolved": "2.16.5",
        "contentHash": "Tw6Lb/UBqtmUj5porM1rRcAU5xT9NttSlFTaIQ8gn4Fsw2LiZavN/eMAZqSA63laV51t4HRJJAAGeYSWFFxRfA==",
        "dependencies": {
          "FSharp.Core": "4.2.3"
        }
      },
      "Microsoft.CodeCoverage": {
        "type": "Transitive",
        "resolved": "18.0.1",
        "contentHash": "O+utSr97NAJowIQT/OVp3Lh9QgW/wALVTP4RG1m2AfFP4IyJmJz0ZBmFJUsRQiAPgq6IRC0t8AAzsiPIsaUDEA=="
      },
      "Microsoft.TestPlatform.ObjectModel": {
        "type": "Transitive",
        "resolved": "18.0.1",
        "contentHash": "qT/mwMcLF9BieRkzOBPL2qCopl8hQu6A1P7JWAoj/FMu5i9vds/7cjbJ/LLtaiwWevWLAeD5v5wjQJ/l6jvhWQ=="
      },
      "Microsoft.TestPlatform.TestHost": {
        "type": "Transitive",
        "resolved": "18.0.1",
        "contentHash": "uDJKAEjFTaa2wHdWlfo6ektyoh+WD4/Eesrwb4FpBFKsLGehhACVnwwTI4qD3FrIlIEPlxdXg3SyrYRIcO+RRQ==",
        "dependencies": {
          "Microsoft.TestPlatform.ObjectModel": "18.0.1",
          "Newtonsoft.Json": "13.0.3"
        }
      },
      "Mono.Cecil": {
        "type": "Transitive",
        "resolved": "0.11.4",
        "contentHash": "IC1h5g0NeJGHIUgzM1P82ld57knhP0IcQfrYITDPXlNpMYGUrsG5TxuaWTjaeqDNQMBDNZkB8L0rBnwsY6JHuQ=="
      },
      "Newtonsoft.Json": {
        "type": "Transitive",
        "resolved": "13.0.3",
        "contentHash": "HrC5BXdl00IP9zeV+0Z848QWPAoCr9P3bDEZguI+gkLcBKAOxix/tLEAAHC+UvDNPv4a2d18lOReHMOagPa+zQ=="
      },
      "SimpleInfoName": {
        "type": "Transitive",
        "resolved": "3.2.0",
        "contentHash": "K8ivHRbPWfncijk62Dan/r/z55gwq3aFzqB6yFlD9X0bbpIaacHyHH2cpcIdz0FECUpERUZTwxts0z4gRWpQpA=="
      },
      "Verify": {
        "type": "Transitive",
        "resolved": "31.12.4",
        "contentHash": "UT6JY63EGMGFjxbccmS8esM+S+bWULGJzolOeXDBgJATpVgoHOQEV/LmtSzCiKuArEW+Swx8zLa6UpcRFOl4Tw==",
        "dependencies": {
          "Argon": "0.33.5",
          "DiffEngine": "18.4.1",
          "SimpleInfoName": "3.2.0"
        }
      },
      "morphir.models": {
        "type": "Project",
        "dependencies": {
          "FSharp.Core": "[10.0.103, )",
          "FSharp.SystemTextJson": "[1.4.36, )"
        }
      },
      "morphir.testing": {
        "type": "Project",
        "dependencies": {
          "Expecto": "[10.2.3, )",
          "FSharp.Core": "[10.0.103, )"
        }
      },
      "FSharp.SystemTextJson": {
        "type": "CentralTransitive",
        "requested": "[1.4.36, )",
        "resolved": "1.4.36",
        "contentHash": "1xLk0SBF1nedD74B77rcArjD2d+DeZwbNI7BVCAyKwIBERo1VoX8Mf4AtX0OV2L3ZeM/XS1b6BuhXCyoh0KBnw==",
        "dependencies": {
          "FSharp.Core": "4.7.0"
        }
      }
    }
  }
}