{
  "version": 2,
  "dependencies": {
    "net10.0": {
      "FSharp.Core": {
        "type": "Direct",
        "requested": "[10.0.101, )",
        "resolved": "10.0.101",
        "contentHash": "2ctJyvMtrvCou55O62n55f4faZSz8a8WksKoBBobBWgS3TyZQSRjQ9dhA0J+BxcmoDfHtGEzxx0DnfZGt5xUAg=="
      },
      "Fun.Blazor": {
        "type": "Direct",
        "requested": "[4.1.9, )",
        "resolved": "4.1.9",
        "contentHash": "UZlCc1qtRaYZBW5OnZvdXbto8L6KIBcz5UdtGOY/rGsel/8KJL1FfZygZCiUOI8wbDb1xKS5Yued6CmaL5TjDg==",
        "dependencies": {
          "FSharp.Core": "6.0.0",
          "FSharp.Data.Adaptive": "1.2.15",
          "Fun.Css": "1.0.2",
          "Fun.Result": "2.1.0",
          "Microsoft.AspNetCore.Components.Web": "9.0.11",
          "Microsoft.AspNetCore.WebUtilities": "9.0.11",
          "Microsoft.Extensions.ObjectPool": "8.0.22"
        }
      },
      "Fun.Blazor.MudBlazor": {
        "type": "Direct",
        "requested": "[4.1.9, )",
        "resolved": "6.11.0",
        "contentHash": "Nisv2GYbT5rbaniz/vjee9Y1aa824AJHBzpUupaxNo8AtMHqPqvP+XimCcEfdyoR1yinjBQRBeluRrvNSUrxgg==",
        "dependencies": {
          "FSharp.Core": "8.0.100",
          "Fun.Blazor": "3.1.0",
          "MudBlazor": "6.11.0"
        }
      },
      "Microsoft.AspNetCore.Components.WebAssembly": {
        "type": "Direct",
        "requested": "[10.0.0, )",
        "resolved": "10.0.0",
        "contentHash": "ens4WMX0PBTHxRDYpS3i//VktXi+24my01qXI0P91q2rDMHcIKRN0/sdE+4kB1ZwJpHec9vYxDmmnw/JOcXCwQ==",
        "dependencies": {
          "Microsoft.AspNetCore.Components.Web": "10.0.0",
          "Microsoft.Extensions.Configuration.Binder": "10.0.0",
          "Microsoft.Extensions.Configuration.Json": "10.0.0",
          "Microsoft.Extensions.Logging": "10.0.0",
          "Microsoft.JSInterop.WebAssembly": "10.0.0"
        }
      },
      "Microsoft.AspNetCore.Components.WebAssembly.DevServer": {
        "type": "Direct",
        "requested": "[10.0.0, )",
        "resolved": "10.0.0",
        "contentHash": "PNlgKpY8yHbECR7lrJDV7BJ0xk39NCYTt2sFh4HQPFKc5gP7a6JH/rwruFbaoOc8zjSJxQfI3zGubBHVlNJt8A=="
      },
      "Microsoft.DotNet.HotReload.WebAssembly.Browser": {
        "type": "Direct",
        "requested": "[10.0.101, )",
        "resolved": "10.0.101",
        "contentHash": "30d2d7ti8GiDYf9zg4+w5cvH3jm9HAQMyXzZgCVpEjmh3WLErJazuu2tyoIO75uNYLWPD/NNTTRD9SoPpDiACw=="
      },
      "Microsoft.NET.ILLink.Tasks": {
        "type": "Direct",
        "requested": "[10.0.1, )",
        "resolved": "10.0.1",
        "contentHash": "ISahzLHsHY7vrwqr2p1YWZ+gsxoBRtH7gWRDK8fDUst9pp2He0GiesaqEfeX0V8QMCJM3eNEHGGpnIcPjFo2NQ=="
      },
      "Microsoft.NET.Sdk.WebAssembly.Pack": {
        "type": "Direct",
        "requested": "[10.0.1, )",
        "resolved": "10.0.1",
        "contentHash": "8XSP0Wu0xpj3xr88WwW43GiklXXiM27n6V8CXk35wT1MjxCfmudQJYmLbirWiPiqU1vCIWTIczPpI40ivC3ruQ=="
      },
      "MudBlazor": {
        "type": "Direct",
        "requested": "[8.0.0, )",
        "resolved": "8.0.0",
        "contentHash": "itY10dugofdvLYnJ1VZSzUIiKVqNvnTz4eEMYlHUdrOfsk9xShj7k1EW5H6ssMmkbQzShlLBHlUt+VPFGoEJGw==",
        "dependencies": {
          "Microsoft.AspNetCore.Components": "9.0.1",
          "Microsoft.AspNetCore.Components.Web": "9.0.1",
          "Microsoft.Extensions.Localization": "9.0.1"
        }
      },
      "FSharp.Data.Adaptive": {
        "type": "Transitive",
        "resolved": "1.2.15",
        "contentHash": "VfH2pi49631jjOlH/lM8vdc95BR159Z8WBLuBOeOsCzCpOVAEigbgfJkZ0I3mq9w1FCraOA/L+DkaQnjhAAgNA==",
        "dependencies": {
          "FSharp.Core": "4.7.0"
        }
      },
      "Fun.Css": {
        "type": "Transitive",
        "resolved": "1.0.2",
        "contentHash": "TLSGR3YEHsg8V8ge8iQb1JbfFbeLPA+oDpJ485oJgnp0BoXeUkf6kR77Zu/or+1hwmIHFhqsztvfJV0ABsmqow==",
        "dependencies": {
          "FSharp.Core": "6.0.0"
        }
      },
      "Fun.Result": {
        "type": "Transitive",
        "resolved": "2.1.0",
        "contentHash": "FHa3lCREXPrsYafuwVVjI4WbVjovguqwhMjfQlnKAUQEKkSi5ebyJC9VGKcvphGqD4Pjw0WWgxVK+IWtfdYNcw==",
        "dependencies": {
          "FSharp.Core": "6.0.0"
        }
      },
      "Microsoft.AspNetCore.Authorization": {
        "type": "Transitive",
        "resolved": "10.0.0",
        "contentHash": "8qUwBAtUj9kX8RwqEPGJu3zGM/GlwF2bR9gsxk/+kiSmCB6aDYlYF7E2gM9VOYS9NDF6zxTSEgJxwD9kFbu8Sw==",
        "dependencies": {
          "Microsoft.AspNetCore.Metadata": "10.0.0",
          "Microsoft.Extensions.Diagnostics": "10.0.0",
          "Microsoft.Extensions.Logging.Abstractions": "10.0.0",
          "Microsoft.Extensions.Options": "10.0.0"
        }
      },
      "Microsoft.AspNetCore.Components": {
        "type": "Transitive",
        "resolved": "10.0.0",
        "contentHash": "ljLBmYTPkIe/WhOn/y3kpMCJ4A/xg76H/SRm9XkoOBqlM96Ntcbr+WFJqV/0bEqjaUqQYIMITPnJXrVJ242cWQ==",
        "dependencies": {
          "Microsoft.AspNetCore.Authorization": "10.0.0",
          "Microsoft.AspNetCore.Components.Analyzers": "10.0.0"
        }
      },
      "Microsoft.AspNetCore.Components.Analyzers": {
        "type": "Transitive",
        "resolved": "10.0.0",
        "contentHash": "5j9dQ/U51yLLKo8hKJOU7uTPppPsjLTua0PFzRotaePcmz7M9W7pM69pBXDEgkBfGD1tp2ufH0zHRHkwg1ikDg=="
      },
      "Microsoft.AspNetCore.Components.Forms": {
        "type": "Transitive",
        "resolved": "10.0.0",
        "contentHash": "5kMwH8DqYFfUpyMNv+IzIoDHxR8fHTPKeJeFNAyjY5tMxo3yyM7ezmuYNcVt9QJ+6K2soHQjBnCvFs8yNd3UGQ==",
        "dependencies": {
          "Microsoft.AspNetCore.Components": "10.0.0",
          "Microsoft.Extensions.Validation": "10.0.0"
        }
      },
      "Microsoft.AspNetCore.Components.Web": {
        "type": "Transitive",
        "resolved": "10.0.0",
        "contentHash": "TAv9+cOrU27YPKuHE7AlG2UBWtTWivvcDHmfdN2yngzQFtas+3p2IBDAF6odNfOJiW3Cs1lHwzqLAoNw5Sc59Q==",
        "dependencies": {
          "Microsoft.AspNetCore.Components": "10.0.0",
          "Microsoft.AspNetCore.Components.Forms": "10.0.0",
          "Microsoft.Extensions.DependencyInjection": "10.0.0",
          "Microsoft.Extensions.Primitives": "10.0.0",
          "Microsoft.JSInterop": "10.0.0"
        }
      },
      "Microsoft.AspNetCore.Metadata": {
        "type": "Transitive",
        "resolved": "10.0.0",
        "contentHash": "uMXReBNxJKabrdoxHn4LNDTlGQFGDPtntlVvqo/b0HaxJzeDAIMFXJJ64mufJCNRuQU/Pus8ngcTZErvnsh7vg=="
      },
      "Microsoft.AspNetCore.WebUtilities": {
        "type": "Transitive",
        "resolved": "9.0.11",
        "contentHash": "c5pHn9sG9u03bs/sE+dl21G9NRwNs05+YaMNK/z7KJa1Dh75HEGydxFwm6g++15+IX7Dcae+8WaT+ld0QeqErA==",
        "dependencies": {
          "Microsoft.Net.Http.Headers": "9.0.11"
        }
      },
      "Microsoft.Extensions.Configuration": {
        "type": "Transitive",
        "resolved": "10.0.0",
        "contentHash": "H4SWETCh/cC5L1WtWchHR6LntGk3rDTTznZMssr4cL8IbDmMWBxY+MOGDc/ASnqNolLKPIWHWeuC1ddiL/iNPw==",
        "dependencies": {
          "Microsoft.Extensions.Configuration.Abstractions": "10.0.0",
          "Microsoft.Extensions.Primitives": "10.0.0"
        }
      },
      "Microsoft.Extensions.Configuration.Abstractions": {
        "type": "Transitive",
        "resolved": "10.0.0",
        "contentHash": "d2kDKnCsJvY7mBVhcjPSp9BkJk48DsaHPg5u+Oy4f8XaOqnEedRy/USyvnpHL92wpJ6DrTPy7htppUUzskbCXQ==",
        "dependencies": {
          "Microsoft.Extensions.Primitives": "10.0.0"
        }
      },
      "Microsoft.Extensions.Configuration.Binder": {
        "type": "Transitive",
        "resolved": "10.0.0",
        "contentHash": "tMF9wNh+hlyYDWB8mrFCQHQmWHlRosol1b/N2Jrefy1bFLnuTlgSYmPyHNmz8xVQgs7DpXytBRWxGhG+mSTp0g==",
        "dependencies": {
          "Microsoft.Extensions.Configuration": "10.0.0",
          "Microsoft.Extensions.Configuration.Abstractions": "10.0.0"
        }
      },
      "Microsoft.Extensions.Configuration.FileExtensions": {
        "type": "Transitive",
        "resolved": "10.0.0",
        "contentHash": "LqCTyF0twrG4tyEN6PpSC5ewRBDwCBazRUfCOdRddwaQ3n2S57GDDeYOlTLcbV/V2dxSSZWg5Ofr48h6BsBmxw==",
        "dependencies": {
          "Microsoft.Extensions.Configuration": "10.0.0",
          "Microsoft.Extensions.Configuration.Abstractions": "10.0.0",
          "Microsoft.Extensions.FileProviders.Abstractions": "10.0.0",
          "Microsoft.Extensions.FileProviders.Physical": "10.0.0",
          "Microsoft.Extensions.Primitives": "10.0.0"
        }
      },
      "Microsoft.Extensions.Configuration.Json": {
        "type": "Transitive",
        "resolved": "10.0.0",
        "contentHash": "BIOPTEAZoeWbHlDT9Zudu+rpecZizFwhdIFRiyZKDml7JbayXmfTXKUt+ezifsSXfBkWDdJM10oDOxo8pufEng==",
        "dependencies": {
          "Microsoft.Extensions.Configuration": "10.0.0",
          "Microsoft.Extensions.Configuration.Abstractions": "10.0.0",
          "Microsoft.Extensions.Configuration.FileExtensions": "10.0.0",
          "Microsoft.Extensions.FileProviders.Abstractions": "10.0.0"
        }
      },
      "Microsoft.Extensions.DependencyInjection": {
        "type": "Transitive",
        "resolved": "10.0.0",
        "contentHash": "f0RBabswJq+gRu5a+hWIobrLWiUYPKMhCD9WO3sYBAdSy3FFH14LMvLVFZc2kPSCimBLxSuitUhsd6tb0TAY6A==",
        "dependencies": {
          "Microsoft.Extensions.DependencyInjection.Abstractions": "10.0.0"
        }
      },
      "Microsoft.Extensions.DependencyInjection.Abstractions": {
        "type": "Transitive",
        "resolved": "10.0.0",
        "contentHash": "L3AdmZ1WOK4XXT5YFPEwyt0ep6l8lGIPs7F5OOBZc77Zqeo01Of7XXICy47628sdVl0v/owxYJTe86DTgFwKCA=="
      },
      "Microsoft.Extensions.Diagnostics": {
        "type": "Transitive",
        "resolved": "10.0.0",
        "contentHash": "xjkxIPgrT0mKTfBwb+CVqZnRchyZgzKIfDQOp8z+WUC6vPe3WokIf71z+hJPkH0YBUYJwa7Z/al1R087ib9oiw==",
        "dependencies": {
          "Microsoft.Extensions.Configuration": "10.0.0",
          "Microsoft.Extensions.Diagnostics.Abstractions": "10.0.0",
          "Microsoft.Extensions.Options.ConfigurationExtensions": "10.0.0"
        }
      },
      "Microsoft.Extensions.Diagnostics.Abstractions": {
        "type": "Transitive",
        "resolved": "10.0.0",
        "contentHash": "SfK89ytD61S7DgzorFljSkUeluC1ncn6dtZgwc0ot39f/BEYWBl5jpgvodxduoYAs1d9HG8faCDRZxE95UMo2A==",
        "dependencies": {
          "Microsoft.Extensions.DependencyInjection.Abstractions": "10.0.0",
          "Microsoft.Extensions.Options": "10.0.0"
        }
      },
      "Microsoft.Extensions.FileProviders.Abstractions": {
        "type": "Transitive",
        "resolved": "10.0.0",
        "contentHash": "/ppSdehKk3fuXjlqCDgSOtjRK/pSHU8eWgzSHfHdwVm5BP4Dgejehkw+PtxKG2j98qTDEHDst2Y99aNsmJldmw==",
        "dependencies": {
          "Microsoft.Extensions.Primitives": "10.0.0"
        }
      },
      "Microsoft.Extensions.FileProviders.Physical": {
        "type": "Transitive",
        "resolved": "10.0.0",
        "contentHash": "UZUQ74lQMmvcprlG8w+XpxBbyRDQqfb7GAnccITw32hdkUBlmm9yNC4xl4aR9YjgV3ounZcub194sdmLSfBmPA==",
        "dependencies": {
          "Microsoft.Extensions.FileProviders.Abstractions": "10.0.0",
          "Microsoft.Extensions.FileSystemGlobbing": "10.0.0",
          "Microsoft.Extensions.Primitives": "10.0.0"
        }
      },
      "Microsoft.Extensions.FileSystemGlobbing": {
        "type": "Transitive",
        "resolved": "10.0.0",
        "contentHash": "5hfVl/e+bx1px2UkN+1xXhd3hu7Ui6ENItBzckFaRDQXfr+SHT/7qrCDrlQekCF/PBtEu2vtk87U2+gDEF8EhQ=="
      },
      "Microsoft.Extensions.Localization": {
        "type": "Transitive",
        "resolved": "9.0.1",
        "contentHash": "UgvX4Yb2T3tEsKT30ktZr0H7kTRPapCgEH0bdTwxiEGSdA39/hAQMvvb+vgHpqmevDU5+puyI9ujRkmmbF946w==",
        "dependencies": {
          "Microsoft.Extensions.DependencyInjection.Abstractions": "9.0.1",
          "Microsoft.Extensions.Localization.Abstractions": "9.0.1",
          "Microsoft.Extensions.Logging.Abstractions": "9.0.1",
          "Microsoft.Extensions.Options": "9.0.1"
        }
      },
      "Microsoft.Extensions.Localization.Abstractions": {
        "type": "Transitive",
        "resolved": "9.0.1",
        "contentHash": "CABog43lyaZQMjmlktuImCy6zmAzRBaXqN81uPaMQjlp//ISDVYItZPh6KWpWRF4MY/B67X5oDc3JTUpfdocZw=="
      },
      "Microsoft.Extensions.Logging.Abstractions": {
        "type": "Transitive",
        "resolved": "10.0.0",
        "contentHash": "FU/IfjDfwaMuKr414SSQNTIti/69bHEMb+QKrskRb26oVqpx3lNFXMjs/RC9ZUuhBhcwDM2BwOgoMw+PZ+beqQ==",
        "dependencies": {
          "Microsoft.Extensions.DependencyInjection.Abstractions": "10.0.0"
        }
      },
      "Microsoft.Extensions.ObjectPool": {
        "type": "Transitive",
        "resolved": "8.0.22",
        "contentHash": "4K7MUXbEDtVHTa/OYlkDya2kHSflojuD4d6dcmvnGYnvuJQ0bfylWbMTkA65N94SdTGo5zdkXR8T9mEED7RUvQ=="
      },
      "Microsoft.Extensions.Options": {
        "type": "Transitive",
        "resolved": "10.0.0",
        "contentHash": "8oCAgXOow5XDrY9HaXX1QmH3ORsyZO/ANVHBlhLyCeWTH5Sg4UuqZeOTWJi6484M+LqSx0RqQXDJtdYy2BNiLQ==",
        "dependencies": {
          "Microsoft.Extensions.DependencyInjection.Abstractions": "10.0.0",
          "Microsoft.Extensions.Primitives": "10.0.0"
        }
      },
      "Microsoft.Extensions.Options.ConfigurationExtensions": {
        "type": "Transitive",
        "resolved": "10.0.0",
        "contentHash": "tL9cSl3maS5FPzp/3MtlZI21ExWhni0nnUCF8HY4npTsINw45n9SNDbkKXBMtFyUFGSsQep25fHIDN4f/Vp3AQ==",
        "dependencies": {
          "Microsoft.Extensions.Configuration.Abstractions": "10.0.0",
          "Microsoft.Extensions.Configuration.Binder": "10.0.0",
          "Microsoft.Extensions.DependencyInjection.Abstractions": "10.0.0",
          "Microsoft.Extensions.Options": "10.0.0",
          "Microsoft.Extensions.Primitives": "10.0.0"
        }
      },
      "Microsoft.Extensions.Primitives": {
        "type": "Transitive",
        "resolved": "10.0.0",
        "contentHash": "inRnbpCS0nwO/RuoZIAqxQUuyjaknOOnCEZB55KSMMjRhl0RQDttSmLSGsUJN3RQ3ocf5NDLFd2mOQViHqMK5w=="
      },
      "Microsoft.Extensions.Validation": {
        "type": "Transitive",
        "resolved": "10.0.0",
        "contentHash": "viIKcmaf1akdhx77c+dLkODvhL+HyonHNpBsicndoi47zvbSeHJEWPOk188NnFCh+dCUz7Icld1jPMbS5E2fqw==",
        "dependencies": {
          "Microsoft.Extensions.DependencyInjection.Abstractions": "10.0.0",
          "Microsoft.Extensions.Options": "10.0.0"
        }
      },
      "Microsoft.JSInterop": {
        "type": "Transitive",
        "resolved": "10.0.0",
        "contentHash": "Qfs4KtmfMUQ/BtD4jdt753kiAa7frm1QVms8UHiFArOokoXBkBOOKE2N5APdt3BlAdTSFJNiuDFfgDzVq/3EZg=="
      },
      "Microsoft.JSInterop.WebAssembly": {
        "type": "Transitive",
        "resolved": "10.0.0",
        "contentHash": "j0lrmG+7X4OZh75IzOX00nkwAEjXSgt2Ul6kjwmVkAOBzd8JC1Q/yJ/fC4jWcIXe4h22881Qq1o46p/TnSNaRQ==",
        "dependencies": {
          "Microsoft.JSInterop": "10.0.0"
        }
      },
      "Microsoft.Net.Http.Headers": {
        "type": "Transitive",
        "resolved": "9.0.11",
        "contentHash": "Yfj3fTLmCkfHdKq8FIt0jdcnfasrvgIhrsDdhh/FEijhmUk/qYDMI/11wZewd2B/twfrG6ZJgUNk3Y22QbgzjA==",
        "dependencies": {
          "Microsoft.Extensions.Primitives": "9.0.11"
        }
      },
      "Microsoft.Extensions.Logging": {
        "type": "CentralTransitive",
        "requested": "[10.0.0, )",
        "resolved": "10.0.0",
        "contentHash": "BStFkd5CcnEtarlcgYDBcFzGYCuuNMzPs02wN3WBsOFoYIEmYoUdAiU+au6opzoqfTYJsMTW00AeqDdnXH2CvA==",
        "dependencies": {
          "Microsoft.Extensions.DependencyInjection": "10.0.0",
          "Microsoft.Extensions.Logging.Abstractions": "10.0.0",
          "Microsoft.Extensions.Options": "10.0.0"
        }
      }
    },
    "net10.0/browser-wasm": {}
  }
}