{
  "version": 2,
  "dependencies": {
    "net10.0": {
      "Dunet": {
        "type": "Direct",
        "requested": "[1.16.2, )",
        "resolved": "1.16.2",
        "contentHash": "R4PEZo50RK76wRW1kq4xiQqX/hnrx8Gn+8T1XIEYuigyjVh3Guhtt3+b4GG2j3h+E3VadLINtbV+Id79nsFy/Q=="
      },
      "Funcky.DiscriminatedUnion": {
        "type": "Direct",
        "requested": "[1.2.1, )",
        "resolved": "1.2.1",
        "contentHash": "DyjBqfGlizDNVGou5EnwSwekjw20mBYPt4Nl93IzECgXxBA1n8to6LKMuUA04ODR4aP+01Dl3qMYd3ARo8hCLA=="
      },
      "Generator.Equals": {
        "type": "Direct",
        "requested": "[3.3.0, )",
        "resolved": "3.3.0",
        "contentHash": "e9FfoO5R6+EYhH5l4iPsYykE7/hie+ZOegQUEnuG/QqT84Gv0XZXoSnvDDC0dlI6XvA5HVmVYqZkKGRvqJgU9A==",
        "dependencies": {
          "Generator.Equals.Runtime": "3.3.0"
        }
      },
      "InlineComposition": {
        "type": "Direct",
        "requested": "[1.5.1, )",
        "resolved": "1.5.1",
        "contentHash": "42SW7EZuKpFWHjVzRWUKD7dQhhQgN12DyIkjw/5+0bj8YPDIpzGuo+J7CssP4bRZ/SPgx+UUONK0+UTOQip2Ig=="
      },
      "Ionide.KeepAChangelog.Tasks": {
        "type": "Direct",
        "requested": "[0.3.3, )",
        "resolved": "0.3.3",
        "contentHash": "ADFNczSi+DBaO/UpvkkFAX8wLrm0Mk1AsXzOhrPFWA87M2iJDZwFjpQWKaQDAGVFbOCqlfL4q2QHYtz0ivQb1Q=="
      },
      "LanguageExt.Core": {
        "type": "Direct",
        "requested": "[5.0.0-beta-77, )",
        "resolved": "5.0.0-beta-77",
        "contentHash": "zVBqn2alHIDTOSjgWDUo31irEg59ZfM6T8e24UcUn6o/F+5Qr0jRjGPp2LzME7PHyKh+crK+boBmdCAFguwqjw=="
      },
      "StaticCS": {
        "type": "Direct",
        "requested": "[0.3.1, )",
        "resolved": "0.3.1",
        "contentHash": "cMtObvG5PFQ6+3Bdoc7+PeoyiE2wk/tV8htaKuA8DUQOMGx//yF7mUsKi5acwggDZXVusrDvqIYb2If0k4X4xA=="
      },
      "Vogen": {
        "type": "Direct",
        "requested": "[8.0.5, )",
        "resolved": "8.0.5",
        "contentHash": "hUGafk0LpUn3ooZNOOczByhVSGqBaI96bCn0DkreSd2bwHGrMfdRoCqNrB4w0/y5bufyYaABqQ8wWBPgx5QdNw=="
      },
      "Generator.Equals.Runtime": {
        "type": "Transitive",
        "resolved": "3.3.0",
        "contentHash": "Y4WVz3VrRJTA/eivTDVZ7b6GHh+RiUuDoKca11WnNinKV54jsCL1QSiiGZ0WGkMAwHfFwmXlwU6bvStRhNxoHg==",
        "dependencies": {
          "Microsoft.Bcl.HashCode": "1.1.1"
        }
      },
      "Microsoft.Bcl.HashCode": {
        "type": "Transitive",
        "resolved": "1.1.1",
        "contentHash": "MalY0Y/uM/LjXtHfX/26l2VtN4LDNZ2OE3aumNOHDLsT4fNYy2hiHXI4CXCqKpNUNm7iJ2brrc4J89UdaL56FA=="
      }
    }
  }
}