{
  "version": 2,
  "dependencies": {
    "net10.0": {
      "coverlet.collector": {
        "type": "Direct",
        "requested": "[6.0.4, )",
        "resolved": "6.0.4",
        "contentHash": "lkhqpF8Pu2Y7IiN7OntbsTtdbpR1syMsm2F3IgX6ootA4ffRqWL5jF7XipHuZQTdVuWG/gVAAcf8mjk8Tz0xPg=="
      },
      "Expecto": {
        "type": "Direct",
        "requested": "[10.2.3, )",
        "resolved": "10.2.3",
        "contentHash": "mwGOvtkKfMwakKeONwWYy5RgnO7Ijx/THt50GHh8mkSPySVOW/BsOppHzNwby45uaO6X0IKpqS76BrlYgOqcIg==",
        "dependencies": {
          "FSharp.Core": "7.0.200",
          "Mono.Cecil": "[0.11.4, 1.0.0)"
        }
      },
      "Expecto.FsCheck": {
        "type": "Direct",
        "requested": "[10.2.3, )",
        "resolved": "10.2.3",
        "contentHash": "97ZwoxLIvxyG0fU806nvFbW2uMQFTqi2wpCfPfKasySfIpdf41zERtRiUSZtp1q8fY3uK9mN42dmJsUcL2IrcA==",
        "dependencies": {
          "Expecto": "10.2.3",
          "FsCheck": "[2.16.5, 3.0.0)"
        }
      },
      "FSharp.Core": {
        "type": "Direct",
        "requested": "[10.0.104, )",
        "resolved": "10.0.104",
        "contentHash": "2VQpRzjhuN6EHODVGiYZ/svc68up2/c3TdQ7eQtkY2MAN6EKMOF2SaraPCiMDu4+JMIbq9KkPxaWk5sXbfPs9Q=="
      },
      "Microsoft.NET.Test.Sdk": {
        "type": "Direct",
        "requested": "[18.3.0, )",
        "resolved": "18.3.0",
        "contentHash": "xW3kXuWRQtgoxJp4J+gdhHSQyK+6Wb/AZDSd7lMvuMRYlZ1tnpkojyfZlWilB5G4dmZ0Y0ZxU/M23TlubndNkw==",
        "dependencies": {
          "Microsoft.CodeCoverage": "18.3.0",
          "Microsoft.TestPlatform.TestHost": "18.3.0"
        }
      },
      "Verify.Expecto": {
        "type": "Direct",
        "requested": "[31.13.2, )",
        "resolved": "31.13.2",
        "contentHash": "2T3nZEU6uIHgdrjBX6dvL5xqSQ4/i1X7c2yC0ufvG5QBaTjclIp5PnVMLEmiAoCq36ybtARB+mfX1Dk1cTlxPg==",
        "dependencies": {
          "Argon": "0.33.5",
          "DiffEngine": "18.4.2",
          "Expecto": "10.2.3",
          "FSharp.Core": "10.0.103",
          "SimpleInfoName": "3.2.0",
          "Verify": "31.13.2"
        }
      },
      "Argon": {
        "type": "Transitive",
        "resolved": "0.33.5",
        "contentHash": "J6821zxO+EqMzO9C/V5uiWc2eBGyzN7Z8Z0xq3Q1/e6IxYcHDA32OgiZX5/7/f8rVPQQa7aYtm6f0UfnrgKNBg=="
      },
      "DiffEngine": {
        "type": "Transitive",
        "resolved": "18.4.2",
        "contentHash": "wF6X6muxUEqJNEsrzM/EKqN47wCHp7M5oQkze8hjg7SwTuUxso+RZmUJZIOcVilMCjXnNXn0xOxyqoqZYoAs8Q==",
        "dependencies": {
          "EmptyFiles": "8.17.2"
        }
      },
      "editorconfig": {
        "type": "Transitive",
        "resolved": "0.15.0",
        "contentHash": "NuUxFbycSCOhl0WzmNZ8ksSMrTHBFzTASkil+IOqXpqTXszokKjy6ihxMdjArGaC+AaLLq4nxfGVFLi6KWyFJg=="
      },
      "EmptyFiles": {
        "type": "Transitive",
        "resolved": "8.17.2",
        "contentHash": "2oyDVmM/DU3g0h2kqcV05zjOUfo9AdwPoduIGh0LZL6nXqSN4qhZna2M/aJoYiQrmIznJ52wxYCmxDnWaRZ1JQ=="
      },
      "Fantomas.FCS": {
        "type": "Transitive",
        "resolved": "7.0.5",
        "contentHash": "WxifhpLkDuv/WronO8UcEe8gsSTuuMqrUjnke/kUd11vTJ9T8IYouGidT+sSDaf1dAMaf1bb6maz/h+/dSu6wg==",
        "dependencies": {
          "FSharp.Core": "8.0.100"
        }
      },
      "FsCheck": {
        "type": "Transitive",
        "resolved": "2.16.5",
        "contentHash": "Tw6Lb/UBqtmUj5porM1rRcAU5xT9NttSlFTaIQ8gn4Fsw2LiZavN/eMAZqSA63laV51t4HRJJAAGeYSWFFxRfA==",
        "dependencies": {
          "FSharp.Core": "4.2.3"
        }
      },
      "Microsoft.CodeCoverage": {
        "type": "Transitive",
        "resolved": "18.3.0",
        "contentHash": "23BNy/vziREC20Wwhb50K7+kZe0m07KlLWDQv4qjJ9tt3QjpDpDIqJFrhYHmMEo9xDkuSp55U/8h4bMF7MiB+g=="
      },
      "Microsoft.TestPlatform.ObjectModel": {
        "type": "Transitive",
        "resolved": "18.3.0",
        "contentHash": "AEIEX2aWdPO9XbtR96eBaJxmXRD9vaI9uQ1T/JbPEKlTAZwYx0ZrMzKyULMdh/HH9Sg03kXCoN7LszQ90o6nPQ=="
      },
      "Microsoft.TestPlatform.TestHost": {
        "type": "Transitive",
        "resolved": "18.3.0",
        "contentHash": "twmsoelXnp1uWMU3VGip9f0Jr1mZ0PZqgJdF35CIrdYgYrkHIJMV1m8uKyhcdjLdsQDESHAgkR7KhS9i1qpJag==",
        "dependencies": {
          "Microsoft.TestPlatform.ObjectModel": "18.3.0",
          "Newtonsoft.Json": "13.0.3"
        }
      },
      "Mono.Cecil": {
        "type": "Transitive",
        "resolved": "0.11.4",
        "contentHash": "IC1h5g0NeJGHIUgzM1P82ld57knhP0IcQfrYITDPXlNpMYGUrsG5TxuaWTjaeqDNQMBDNZkB8L0rBnwsY6JHuQ=="
      },
      "Newtonsoft.Json": {
        "type": "Transitive",
        "resolved": "13.0.3",
        "contentHash": "HrC5BXdl00IP9zeV+0Z848QWPAoCr9P3bDEZguI+gkLcBKAOxix/tLEAAHC+UvDNPv4a2d18lOReHMOagPa+zQ=="
      },
      "SimpleInfoName": {
        "type": "Transitive",
        "resolved": "3.2.0",
        "contentHash": "K8ivHRbPWfncijk62Dan/r/z55gwq3aFzqB6yFlD9X0bbpIaacHyHH2cpcIdz0FECUpERUZTwxts0z4gRWpQpA=="
      },
      "Verify": {
        "type": "Transitive",
        "resolved": "31.13.2",
        "contentHash": "RwN7iLJTPmD+iSNuOulhrPx6KJitcnVB/nulAtHm+6xaCAPyEPwq9W/OQ1oITaxhK0/lyATPDO7iFrOrlv+X6A==",
        "dependencies": {
          "Argon": "0.33.5",
          "DiffEngine": "18.4.2",
          "SimpleInfoName": "3.2.0"
        }
      },
      "morphir.internal.codegeneration": {
        "type": "Project",
        "dependencies": {
          "FSharp.Compiler.Service": "[34.1.1, )",
          "FSharp.Core": "[10.0.104, )",
          "Fabulous.AST": "[1.10.0, )",
          "Fantomas.Core": "[7.0.5, )",
          "Myriad.Core": "[0.85.0, )"
        }
      },
      "Fabulous.AST": {
        "type": "CentralTransitive",
        "requested": "[1.10.0, )",
        "resolved": "1.10.0",
        "contentHash": "7Hr980JrpWQGLs/kiM+d0cCtaCtl8Za8SHMYbM9Xuc2+ICysHEwz3fAOidNMv8oAiA87gpGEfZArsaVUtK64Uw==",
        "dependencies": {
          "Fantomas.Core": "[7.0.1]"
        }
      },
      "Fantomas.Core": {
        "type": "CentralTransitive",
        "requested": "[7.0.5, )",
        "resolved": "7.0.5",
        "contentHash": "wGbCsAqKhyhuDwMsOXh4p9GJvw7OzJX/OwoPAVw913Fae2rbczREl8L8U5hZIadoJmhuyIu0Dp/8UJToykZs6Q==",
        "dependencies": {
          "FSharp.Core": "8.0.100",
          "Fantomas.FCS": "7.0.5"
        }
      },
      "FSharp.Compiler.Service": {
        "type": "CentralTransitive",
        "requested": "[34.1.1, )",
        "resolved": "34.1.1",
        "contentHash": "9Q8sgl3XR41eeIBoaxQEG2NQzn0JjWBf+MUvLO8aCTYFZeaPezNTvHvv8+CLHUEeih/fllEFGQM1efkeOA9rUw==",
        "dependencies": {
          "FSharp.Core": "4.6.2"
        }
      },
      "Myriad.Core": {
        "type": "CentralTransitive",
        "requested": "[0.85.0, )",
        "resolved": "0.85.0",
        "contentHash": "RqNukBy6IBe9rxoSK5Okt/8TdasSOrN2MAVOE5+u8dl5gGyYF4j5CvhNlQNSyC0YuBM9hncogsfLQHeoOevxtA==",
        "dependencies": {
          "Fantomas.Core": "7.0.5",
          "editorconfig": "0.15.0"
        }
      }
    }
  }
}